PODS:
  - Alamofire (4.0.1)
  - AlecrimCoreData (4.2.3)
  - BaiduMapKit (3.0.0)
  - Cent (6.0.1):
    - Dollar (~> 6.0.0)
  - Dollar (6.0.0)
  - Kingfisher (3.1.3)
  - SnapKit (3.0.2)
  - Spring (1.0.3)
  - SwiftDate (4.0.5)
  - SwiftyJSON (3.1.1)
  - SwiftyTimer (2.0.0)
  - WeiboSDK (3.1.4)

DEPENDENCIES:
  - Alamofire (~> 4.0)
  - AlecrimCoreData (from `https://github.com/AnthonyMDev/AlecrimCoreData.git`, branch `swift-3.0`)
  - BaiduMapKit
  - Cent
  - Dollar (~> 6.0.0)
  - Kingfisher
  - SnapKit
  - Spring (from `https://github.com/MengTo/Spring.git`, branch `swift3`)
  - SwiftDate
  - SwiftyJSON (from `https://github.com/SwiftyJSON/SwiftyJSON.git`)
  - SwiftyTimer
  - WeiboSDK (from `https://github.com/sinaweibosdk/weibo_ios_sdk.git`)

EXTERNAL SOURCES:
  AlecrimCoreData:
    :branch: swift-3.0
    :git: https://github.com/AnthonyMDev/AlecrimCoreData.git
  Spring:
    :branch: swift3
    :git: https://github.com/MengTo/Spring.git
  SwiftyJSON:
    :git: https://github.com/SwiftyJSON/SwiftyJSON.git
  WeiboSDK:
    :git: https://github.com/sinaweibosdk/weibo_ios_sdk.git

CHECKOUT OPTIONS:
  AlecrimCoreData:
    :commit: e011752ffd0b1ccc6cdf1cf6726f234ef5738fac
    :git: https://github.com/AnthonyMDev/AlecrimCoreData.git
  Spring:
    :commit: 3a9227c6e9157e7b47f5ac1ee5abab2a56b50002
    :git: https://github.com/MengTo/Spring.git
  SwiftyJSON:
    :commit: 707516458b618c48ad9365d23a0dad3c3b860fa0
    :git: https://github.com/SwiftyJSON/SwiftyJSON.git
  WeiboSDK:
    :commit: 3daf7147ddd0fde3b04a61d8d94327d41d0c239c
    :git: https://github.com/sinaweibosdk/weibo_ios_sdk.git

SPEC CHECKSUMS:
  Alamofire: 7682d43245de14874acd142ec137b144aa1dd335
  AlecrimCoreData: 5e0659f869a2a87f510dd8c27b6982a9856c79c6
  BaiduMapKit: de2a726d5296d6b2dc0e974b683af73153608dcd
  Cent: a9a45d7823ec2a60284e21c93afdc3be70db007a
  Dollar: 6e69123e0901307d67a416dac70aeec56243a6e0
  Kingfisher: 007f5851c18c81e7cc106c9cbac1bafea1cce5dc
  SnapKit: 2e456761aa92d4d4067a7a5594c18769d451a8ad
  Spring: 3f02b5dc3308572ef177b3cad0fa7bbc4b0706f7
  SwiftDate: a945bf4150ef977824df91116ca30a04604216d3
  SwiftyJSON: f0be2e604f83e8405a624e9f891898bf6ed4e019
  SwiftyTimer: 2efd74b060d69ad4f1496baf5bbedbe132125fcf
  WeiboSDK: bceab625ec59b7039ba721cc4ba9f5868804f63e

PODFILE CHECKSUM: 730d8693680d33d5e43660230726c195f264b9ae

COCOAPODS: 1.1.0.beta.2
