// !$*UTF8*$!
{
	archiveVersion = 1;
	classes = {
	};
	objectVersion = 46;
	objects = {

/* Begin PBXBuildFile section */
		4C0E9B8BF9971DCA600BA9B5 /* Pods.framework in Frameworks */ = {isa = PBXBuildFile; fileRef = 193AAD04EA67F014D002240C /* Pods.framework */; };
		59709BA10C676D5E26BB2779 /* Pods_SportCarClient.framework in Frameworks */ = {isa = PBXBuildFile; fileRef = 9A5E49C1C25FA1645A7E44A3 /* Pods_SportCarClient.framework */; };
		BF139E681C4DE0750022F4FC /* MapManager.swift in Sources */ = {isa = PBXBuildFile; fileRef = BF139E671C4DE0750022F4FC /* MapManager.swift */; };
		BF139E6E1C4E6E8E0022F4FC /* FFSelect.swift in Sources */ = {isa = PBXBuildFile; fileRef = BF139E6D1C4E6E8E0022F4FC /* FFSelect.swift */; };
		BF1D93561C52776F00FD9997 /* DetailCommentCell.swift in Sources */ = {isa = PBXBuildFile; fileRef = BF1D93551C52776F00FD9997 /* DetailCommentCell.swift */; };
		BF1D93581C52783000FD9997 /* StatusDetailCommentCell.swift in Sources */ = {isa = PBXBuildFile; fileRef = BF1D93571C52783000FD9997 /* StatusDetailCommentCell.swift */; };
		BF1EC23F1C49414F0016F425 /* UserSelect.swift in Sources */ = {isa = PBXBuildFile; fileRef = BF1EC23E1C49414F0016F425 /* UserSelect.swift */; };
		BF23368B1C563F4200F0AE41 /* ChatAudioPlayer.swift in Sources */ = {isa = PBXBuildFile; fileRef = BF23368A1C563F4200F0AE41 /* ChatAudioPlayer.swift */; };
		BF23368E1C56529B00F0AE41 /* ChatRequester.swift in Sources */ = {isa = PBXBuildFile; fileRef = BF23368D1C56529B00F0AE41 /* ChatRequester.swift */; };
		BF2336901C5669A000F0AE41 /* ChatRecordDataSource.swift in Sources */ = {isa = PBXBuildFile; fileRef = BF23368F1C5669A000F0AE41 /* ChatRecordDataSource.swift */; };
		BF2336921C5732D800F0AE41 /* ChatCell.swift in Sources */ = {isa = PBXBuildFile; fileRef = BF2336911C5732D800F0AE41 /* ChatCell.swift */; };
		BF2336941C57353C00F0AE41 /* ChatWave.swift in Sources */ = {isa = PBXBuildFile; fileRef = BF2336931C57353C00F0AE41 /* ChatWave.swift */; };
		BF268FC81C32C76A005D1B68 /* NewsDetail.swift in Sources */ = {isa = PBXBuildFile; fileRef = BF268FC71C32C76A005D1B68 /* NewsDetail.swift */; };
		BF26FD3D1C686E5A0077D1F0 /* GroupSettings.swift in Sources */ = {isa = PBXBuildFile; fileRef = BF26FD3C1C686E5A0077D1F0 /* GroupSettings.swift */; };
		BF26FD411C6878C40077D1F0 /* Activity.swift in Sources */ = {isa = PBXBuildFile; fileRef = BF26FD3F1C6878C40077D1F0 /* Activity.swift */; };
		BF26FD441C6879820077D1F0 /* Activity.generated.swift in Sources */ = {isa = PBXBuildFile; fileRef = BF26FD431C6879820077D1F0 /* Activity.generated.swift */; };
		BF27E6CD1C38457F0074771D /* MakeCommentPanel.swift in Sources */ = {isa = PBXBuildFile; fileRef = BF27E6CC1C38457F0074771D /* MakeCommentPanel.swift */; };
		BF2959921C1DC9870071385D /* SportCarSelect.swift in Sources */ = {isa = PBXBuildFile; fileRef = BF2959911C1DC9870071385D /* SportCarSelect.swift */; };
		BF2BE2141C2938B000DD0CF9 /* Profile.swift in Sources */ = {isa = PBXBuildFile; fileRef = BF2BE20E1C2938B000DD0CF9 /* Profile.swift */; };
		BF2BE2161C2938B000DD0CF9 /* Club.swift in Sources */ = {isa = PBXBuildFile; fileRef = BF2BE2101C2938B000DD0CF9 /* Club.swift */; };
		BF2BE2181C2938B000DD0CF9 /* ClubJoining.swift in Sources */ = {isa = PBXBuildFile; fileRef = BF2BE2121C2938B000DD0CF9 /* ClubJoining.swift */; };
		BF2BE21C1C29390200DD0CF9 /* Club.generated.swift in Sources */ = {isa = PBXBuildFile; fileRef = BF2BE2191C29390200DD0CF9 /* Club.generated.swift */; };
		BF2BE21D1C29390200DD0CF9 /* ClubJoining.generated.swift in Sources */ = {isa = PBXBuildFile; fileRef = BF2BE21A1C29390200DD0CF9 /* ClubJoining.generated.swift */; };
		BF2BE21E1C29390200DD0CF9 /* Profile.generated.swift in Sources */ = {isa = PBXBuildFile; fileRef = BF2BE21B1C29390200DD0CF9 /* Profile.generated.swift */; };
		BF2F7E8E1C62F39A00E3A3A2 /* NotificationCtrl.swift in Sources */ = {isa = PBXBuildFile; fileRef = BF2F7E8D1C62F39A00E3A3A2 /* NotificationCtrl.swift */; };
		BF2F7E921C644A3400E3A3A2 /* Notification.swift in Sources */ = {isa = PBXBuildFile; fileRef = BF2F7E901C644A3400E3A3A2 /* Notification.swift */; };
		BF2F7E951C644A8A00E3A3A2 /* Notification.generated.swift in Sources */ = {isa = PBXBuildFile; fileRef = BF2F7E941C644A8A00E3A3A2 /* Notification.generated.swift */; };
		BF2F7E971C644C7600E3A3A2 /* NotificationCell.swift in Sources */ = {isa = PBXBuildFile; fileRef = BF2F7E961C644C7600E3A3A2 /* NotificationCell.swift */; };
		BF32EEB01C08B22F0098FEC1 /* Podfile in Resources */ = {isa = PBXBuildFile; fileRef = BF32EEAF1C08B22F0098FEC1 /* Podfile */; };
		BF3387E61C47C2AF00B95CAB /* StatusReleaseController.swift in Sources */ = {isa = PBXBuildFile; fileRef = BF3387E51C47C2AF00B95CAB /* StatusReleaseController.swift */; };
		BF3BD5EA1C28E89000499674 /* Settings.bundle in Resources */ = {isa = PBXBuildFile; fileRef = BF3BD5E91C28E89000499674 /* Settings.bundle */; };
		BF49FBAD1C19424D0019EBC2 /* ShinyButton.swift in Sources */ = {isa = PBXBuildFile; fileRef = BF49FBAC1C19424D0019EBC2 /* ShinyButton.swift */; };
		BF51070D1C609B45008DC14F /* ChatAudioRecorder.swift in Sources */ = {isa = PBXBuildFile; fileRef = BF51070C1C609B45008DC14F /* ChatAudioRecorder.swift */; };
		BF5107111C60CB65008DC14F /* ChatList.swift in Sources */ = {isa = PBXBuildFile; fileRef = BF5107101C60CB65008DC14F /* ChatList.swift */; };
		BF5107131C60CBA6008DC14F /* ChatListCell.swift in Sources */ = {isa = PBXBuildFile; fileRef = BF5107121C60CBA6008DC14F /* ChatListCell.swift */; };
		BF5107151C60D28A008DC14F /* MyOrderedDict.swift in Sources */ = {isa = PBXBuildFile; fileRef = BF5107141C60D28A008DC14F /* MyOrderedDict.swift */; };
		BF5491D01C22FD1A0090D151 /* SportCar.swift in Sources */ = {isa = PBXBuildFile; fileRef = BF5491CA1C22FD1A0090D151 /* SportCar.swift */; };
		BF5491D21C22FD1A0090D151 /* SportCarOwnerShip.swift in Sources */ = {isa = PBXBuildFile; fileRef = BF5491CC1C22FD1A0090D151 /* SportCarOwnerShip.swift */; };
		BF5491D41C22FD1A0090D151 /* User.swift in Sources */ = {isa = PBXBuildFile; fileRef = BF5491CE1C22FD1A0090D151 /* User.swift */; };
		BF5491D81C22FD660090D151 /* SportCarOwnerShip.generated.swift in Sources */ = {isa = PBXBuildFile; fileRef = BF5491D51C22FD660090D151 /* SportCarOwnerShip.generated.swift */; };
		BF5491D91C22FD660090D151 /* SportCar.generated.swift in Sources */ = {isa = PBXBuildFile; fileRef = BF5491D61C22FD660090D151 /* SportCar.generated.swift */; };
		BF5491DA1C22FD660090D151 /* User.generated.swift in Sources */ = {isa = PBXBuildFile; fileRef = BF5491D71C22FD660090D151 /* User.generated.swift */; };
		BF54DD681C2EB4FE00F635C0 /* NewsController.swift in Sources */ = {isa = PBXBuildFile; fileRef = BF54DD671C2EB4FE00F635C0 /* NewsController.swift */; };
		BF54DD6E1C2EB95F00F635C0 /* News.swift in Sources */ = {isa = PBXBuildFile; fileRef = BF54DD6A1C2EB95F00F635C0 /* News.swift */; };
		BF54DD701C2EB95F00F635C0 /* NewsComment.swift in Sources */ = {isa = PBXBuildFile; fileRef = BF54DD6C1C2EB95F00F635C0 /* NewsComment.swift */; };
		BF54DD741C2EB9A800F635C0 /* News.generated.swift in Sources */ = {isa = PBXBuildFile; fileRef = BF54DD721C2EB9A800F635C0 /* News.generated.swift */; };
		BF54DD751C2EB9A800F635C0 /* NewsComment.generated.swift in Sources */ = {isa = PBXBuildFile; fileRef = BF54DD731C2EB9A800F635C0 /* NewsComment.generated.swift */; };
		BF54DD771C2EBDE800F635C0 /* NewsCell.swift in Sources */ = {isa = PBXBuildFile; fileRef = BF54DD761C2EBDE800F635C0 /* NewsCell.swift */; };
		BF54DD7A1C303D5100F635C0 /* NewsRequester.swift in Sources */ = {isa = PBXBuildFile; fileRef = BF54DD791C303D5100F635C0 /* NewsRequester.swift */; };
		BF58990C1C4CFF26005496EA /* informUser.swift in Sources */ = {isa = PBXBuildFile; fileRef = BF58990B1C4CFF26005496EA /* informUser.swift */; };
		BF58990E1C4D14A3005496EA /* SportCarSelectList.swift in Sources */ = {isa = PBXBuildFile; fileRef = BF58990D1C4D14A3005496EA /* SportCarSelectList.swift */; };
		BF5FF0ED1C15B4860050F5FE /* GlobalVariables.swift in Sources */ = {isa = PBXBuildFile; fileRef = BF5FF0EC1C15B4860050F5FE /* GlobalVariables.swift */; };
		BF6308981C1965AF0087A4F0 /* Agreement.swift in Sources */ = {isa = PBXBuildFile; fileRef = BF6308971C1965AF0087A4F0 /* Agreement.swift */; };
		BF63089D1C1970AB0087A4F0 /* Localizable.strings in Resources */ = {isa = PBXBuildFile; fileRef = BF63089C1C1970AB0087A4F0 /* Localizable.strings */; };
		BF63089F1C1972050087A4F0 /* agreement.rtf in Resources */ = {isa = PBXBuildFile; fileRef = BF63089E1C1972050087A4F0 /* agreement.rtf */; };
		BF6308A31C19A8040087A4F0 /* ResetPassword.swift in Sources */ = {isa = PBXBuildFile; fileRef = BF6308A21C19A8040087A4F0 /* ResetPassword.swift */; };
		BF6308A51C19AF600087A4F0 /* ProfileInformation.swift in Sources */ = {isa = PBXBuildFile; fileRef = BF6308A41C19AF600087A4F0 /* ProfileInformation.swift */; };
		BF6308AC1C19B7D20087A4F0 /* AccountRequester.swift in Sources */ = {isa = PBXBuildFile; fileRef = BF6308AB1C19B7D20087A4F0 /* AccountRequester.swift */; };
		BF67816C1C15AA77001C89AE /* AccountController.swift in Sources */ = {isa = PBXBuildFile; fileRef = BF67816B1C15AA77001C89AE /* AccountController.swift */; };
		BF6781701C15AB10001C89AE /* LoginRegister.swift in Sources */ = {isa = PBXBuildFile; fileRef = BF67816F1C15AB10001C89AE /* LoginRegister.swift */; };
		BF8D0DC31C424E710070B921 /* ViewControllerExtensions.swift in Sources */ = {isa = PBXBuildFile; fileRef = BF8D0DC21C424E710070B921 /* ViewControllerExtensions.swift */; };
		BF9404971C2818C3001ABB1E /* AppLauchner.swift in Sources */ = {isa = PBXBuildFile; fileRef = BF9404961C2818C3001ABB1E /* AppLauchner.swift */; };
		BFA1FEFD1C36DD8500F127FA /* NewsDetailCommentCell.swift in Sources */ = {isa = PBXBuildFile; fileRef = BFA1FEFC1C36DD8500F127FA /* NewsDetailCommentCell.swift */; };
		BFA2C7691C40F97D00202EF0 /* frameworkextensions.swift in Sources */ = {isa = PBXBuildFile; fileRef = BFA2C7681C40F97D00202EF0 /* frameworkextensions.swift */; };
		BFA2C76B1C412B1500202EF0 /* CommentPanel.swift in Sources */ = {isa = PBXBuildFile; fileRef = BFA2C76A1C412B1500202EF0 /* CommentPanel.swift */; };
		BFAA0CA91C46009F00AB5C3C /* StatusRequester.swift in Sources */ = {isa = PBXBuildFile; fileRef = BFAA0CA81C46009F00AB5C3C /* StatusRequester.swift */; };
		BFAA0CAC1C46221B00AB5C3C /* StatusReleaseCoverSelectController.swift in Sources */ = {isa = PBXBuildFile; fileRef = BFAA0CAB1C46221B00AB5C3C /* StatusReleaseCoverSelectController.swift */; };
		BFAA0CAE1C4667A500AB5C3C /* StatusReleasePhotoAlbumListController.swift in Sources */ = {isa = PBXBuildFile; fileRef = BFAA0CAD1C4667A500AB5C3C /* StatusReleasePhotoAlbumListController.swift */; };
		BFAC52271C1C5F9500107F71 /* AuthCodeBtnView.swift in Sources */ = {isa = PBXBuildFile; fileRef = BFAC52261C1C5F9500107F71 /* AuthCodeBtnView.swift */; };
		BFAC522A1C1C84A700107F71 /* InputableViewController.swift in Sources */ = {isa = PBXBuildFile; fileRef = BFAC52291C1C84A700107F71 /* InputableViewController.swift */; };
		BFB39CCB1C1EA20200FB6B5D /* sportcar.plist in Resources */ = {isa = PBXBuildFile; fileRef = BFB39CCA1C1EA20200FB6B5D /* sportcar.plist */; };
		BFB39CCD1C1EA45500FB6B5D /* SportCarBrandSelecter.swift in Sources */ = {isa = PBXBuildFile; fileRef = BFB39CCC1C1EA45500FB6B5D /* SportCarBrandSelecter.swift */; };
		BFBC526E1C52944200EE7D34 /* MessageController.swift in Sources */ = {isa = PBXBuildFile; fileRef = BFBC526D1C52944200EE7D34 /* MessageController.swift */; };
		BFBC52711C52946300EE7D34 /* ChatController.swift in Sources */ = {isa = PBXBuildFile; fileRef = BFBC52701C52946300EE7D34 /* ChatController.swift */; };
		BFBC52751C53877100EE7D34 /* ChatRecord.swift in Sources */ = {isa = PBXBuildFile; fileRef = BFBC52731C53877100EE7D34 /* ChatRecord.swift */; };
		BFBC52771C5388BE00EE7D34 /* ChatRecord.generated.swift in Sources */ = {isa = PBXBuildFile; fileRef = BFBC52761C5388BE00EE7D34 /* ChatRecord.generated.swift */; };
		BFBC52791C53902500EE7D34 /* ChatOpPanel.swift in Sources */ = {isa = PBXBuildFile; fileRef = BFBC52781C53902500EE7D34 /* ChatOpPanel.swift */; };
		BFBC527D1C53CE8D00EE7D34 /* ChatAudioAnalyser.swift in Sources */ = {isa = PBXBuildFile; fileRef = BFBC527C1C53CE8D00EE7D34 /* ChatAudioAnalyser.swift */; };
		BFBEA0841C2152F200F04F9A /* Wrapper.swift in Sources */ = {isa = PBXBuildFile; fileRef = BFBEA0831C2152F200F04F9A /* Wrapper.swift */; };
		BFC36B991C698D5900DC6FE2 /* PersonController.swift in Sources */ = {isa = PBXBuildFile; fileRef = BFC36B981C698D5900DC6FE2 /* PersonController.swift */; };
		BFC36B9C1C698DD200DC6FE2 /* PersonMyHeader.swift in Sources */ = {isa = PBXBuildFile; fileRef = BFC36B9B1C698DD200DC6FE2 /* PersonMyHeader.swift */; };
		BFC36B9E1C699B7500DC6FE2 /* PersonOtherHeader.swift in Sources */ = {isa = PBXBuildFile; fileRef = BFC36B9D1C699B7500DC6FE2 /* PersonOtherHeader.swift */; };
		BFC36BA01C69A6A900DC6FE2 /* PersonDataSource.swift in Sources */ = {isa = PBXBuildFile; fileRef = BFC36B9F1C69A6A900DC6FE2 /* PersonDataSource.swift */; };
		BFC36BA31C69A90400DC6FE2 /* SportscarViewList.swift in Sources */ = {isa = PBXBuildFile; fileRef = BFC36BA21C69A90400DC6FE2 /* SportscarViewList.swift */; };
		BFC36BA51C6AE5F500DC6FE2 /* SportCarInfo.swift in Sources */ = {isa = PBXBuildFile; fileRef = BFC36BA41C6AE5F500DC6FE2 /* SportCarInfo.swift */; };
		BFC712EB1C2C3B4F00A71F4C /* UserUtilities.swift in Sources */ = {isa = PBXBuildFile; fileRef = BFC712EA1C2C3B4F00A71F4C /* UserUtilities.swift */; };
		BFC712F11C2C431900A71F4C /* StatusComment.swift in Sources */ = {isa = PBXBuildFile; fileRef = BFC712ED1C2C431900A71F4C /* StatusComment.swift */; };
		BFC712F31C2C431900A71F4C /* Status.swift in Sources */ = {isa = PBXBuildFile; fileRef = BFC712EF1C2C431900A71F4C /* Status.swift */; };
		BFC712FB1C2C439900A71F4C /* Status.generated.swift in Sources */ = {isa = PBXBuildFile; fileRef = BFC712F91C2C439900A71F4C /* Status.generated.swift */; };
		BFC712FC1C2C439900A71F4C /* StatusComment.generated.swift in Sources */ = {isa = PBXBuildFile; fileRef = BFC712FA1C2C439900A71F4C /* StatusComment.generated.swift */; };
		BFCA900A1C4FC64300B05E74 /* StatusHome.swift in Sources */ = {isa = PBXBuildFile; fileRef = BFCA90091C4FC64300B05E74 /* StatusHome.swift */; };
		BFCA900C1C4FC74B00B05E74 /* StatusCell.swift in Sources */ = {isa = PBXBuildFile; fileRef = BFCA900B1C4FC74B00B05E74 /* StatusCell.swift */; };
		BFCA900F1C50A09100B05E74 /* StatusBasic.swift in Sources */ = {isa = PBXBuildFile; fileRef = BFCA900E1C50A09100B05E74 /* StatusBasic.swift */; };
		BFCA90111C50A0C000B05E74 /* StatusFollow.swift in Sources */ = {isa = PBXBuildFile; fileRef = BFCA90101C50A0C000B05E74 /* StatusFollow.swift */; };
		BFCA90141C50D6CB00B05E74 /* StatusDetail.swift in Sources */ = {isa = PBXBuildFile; fileRef = BFCA90131C50D6CB00B05E74 /* StatusDetail.swift */; };
		BFCB96361C1F0551004F77E8 /* BlackBarNavigationController.swift in Sources */ = {isa = PBXBuildFile; fileRef = BFCB96351C1F0551004F77E8 /* BlackBarNavigationController.swift */; };
		BFCB96381C1F0DA8004F77E8 /* SportCarBrandSelecterDetail.swift in Sources */ = {isa = PBXBuildFile; fileRef = BFCB96371C1F0DA8004F77E8 /* SportCarBrandSelecterDetail.swift */; };
		BFCB963A1C1FB0AE004F77E8 /* SportCarRequester.swift in Sources */ = {isa = PBXBuildFile; fileRef = BFCB96391C1FB0AE004F77E8 /* SportCarRequester.swift */; };
		BFCB963C1C1FFD2D004F77E8 /* SportCarSelectDetail.swift in Sources */ = {isa = PBXBuildFile; fileRef = BFCB963B1C1FFD2D004F77E8 /* SportCarSelectDetail.swift */; };
		BFCB96401C205DF1004F77E8 /* Home.swift in Sources */ = {isa = PBXBuildFile; fileRef = BFCB963F1C205DF1004F77E8 /* Home.swift */; };
		BFCB96441C206169004F77E8 /* SideBar.swift in Sources */ = {isa = PBXBuildFile; fileRef = BFCB96431C206169004F77E8 /* SideBar.swift */; };
		BFCB96461C2061E0004F77E8 /* LoadingButton.swift in Sources */ = {isa = PBXBuildFile; fileRef = BFCB96451C2061E0004F77E8 /* LoadingButton.swift */; };
		BFEFB5E31C5E4C8600841BF4 /* chatAccessoryBoard.swift in Sources */ = {isa = PBXBuildFile; fileRef = BFEFB5E21C5E4C8600841BF4 /* chatAccessoryBoard.swift */; };
		BFFA51161C05D9910019E5EF /* AppDelegate.swift in Sources */ = {isa = PBXBuildFile; fileRef = BFFA51151C05D9910019E5EF /* AppDelegate.swift */; };
		BFFA511E1C05D9920019E5EF /* SportCarClient.xcdatamodeld in Sources */ = {isa = PBXBuildFile; fileRef = BFFA511C1C05D9920019E5EF /* SportCarClient.xcdatamodeld */; };
		BFFA51201C05D9920019E5EF /* status.xcassets in Resources */ = {isa = PBXBuildFile; fileRef = BFFA511F1C05D9920019E5EF /* status.xcassets */; };
		BFFA512E1C05D9920019E5EF /* SportCarClientTests.swift in Sources */ = {isa = PBXBuildFile; fileRef = BFFA512D1C05D9920019E5EF /* SportCarClientTests.swift */; };
		BFFA51391C05D9920019E5EF /* SportCarClientUITests.swift in Sources */ = {isa = PBXBuildFile; fileRef = BFFA51381C05D9920019E5EF /* SportCarClientUITests.swift */; };
		BFFBA80D1C6595CF00991642 /* privateSettings.swift in Sources */ = {isa = PBXBuildFile; fileRef = BFFBA80C1C6595CF00991642 /* privateSettings.swift */; };
		BFFBA8101C65D7B100991642 /* InlineUserSelect.swift in Sources */ = {isa = PBXBuildFile; fileRef = BFFBA80F1C65D7B100991642 /* InlineUserSelect.swift */; };
		BFFBA8131C65E5B900991642 /* PrivateSettingsCell.swift in Sources */ = {isa = PBXBuildFile; fileRef = BFFBA8121C65E5B900991642 /* PrivateSettingsCell.swift */; };
/* End PBXBuildFile section */

/* Begin PBXContainerItemProxy section */
		BFFA512A1C05D9920019E5EF /* PBXContainerItemProxy */ = {
			isa = PBXContainerItemProxy;
			containerPortal = BFFA510A1C05D9910019E5EF /* Project object */;
			proxyType = 1;
			remoteGlobalIDString = BFFA51111C05D9910019E5EF;
			remoteInfo = SportCarClient;
		};
		BFFA51351C05D9920019E5EF /* PBXContainerItemProxy */ = {
			isa = PBXContainerItemProxy;
			containerPortal = BFFA510A1C05D9910019E5EF /* Project object */;
			proxyType = 1;
			remoteGlobalIDString = BFFA51111C05D9910019E5EF;
			remoteInfo = SportCarClient;
		};
/* End PBXContainerItemProxy section */

/* Begin PBXFileReference section */
		193AAD04EA67F014D002240C /* Pods.framework */ = {isa = PBXFileReference; explicitFileType = wrapper.framework; includeInIndex = 0; path = Pods.framework; sourceTree = BUILT_PRODUCTS_DIR; };
		3B8D1CED12B1FC1DE651D9DA /* Pods.debug.xcconfig */ = {isa = PBXFileReference; includeInIndex = 1; lastKnownFileType = text.xcconfig; name = Pods.debug.xcconfig; path = "Pods/Target Support Files/Pods/Pods.debug.xcconfig"; sourceTree = "<group>"; };
		9A5E49C1C25FA1645A7E44A3 /* Pods_SportCarClient.framework */ = {isa = PBXFileReference; explicitFileType = wrapper.framework; includeInIndex = 0; path = Pods_SportCarClient.framework; sourceTree = BUILT_PRODUCTS_DIR; };
		BF139E671C4DE0750022F4FC /* MapManager.swift */ = {isa = PBXFileReference; fileEncoding = 4; lastKnownFileType = sourcecode.swift; name = MapManager.swift; path = Map/MapManager.swift; sourceTree = "<group>"; };
		BF139E6D1C4E6E8E0022F4FC /* FFSelect.swift */ = {isa = PBXFileReference; fileEncoding = 4; lastKnownFileType = sourcecode.swift; name = FFSelect.swift; path = UserSelect/FFSelect.swift; sourceTree = "<group>"; };
		BF1D93551C52776F00FD9997 /* DetailCommentCell.swift */ = {isa = PBXFileReference; fileEncoding = 4; lastKnownFileType = sourcecode.swift; name = DetailCommentCell.swift; path = BaseTemplate/Views/DetailCommentCell.swift; sourceTree = "<group>"; };
		BF1D93571C52783000FD9997 /* StatusDetailCommentCell.swift */ = {isa = PBXFileReference; fileEncoding = 4; lastKnownFileType = sourcecode.swift; name = StatusDetailCommentCell.swift; path = Status/Detail/StatusDetailCommentCell.swift; sourceTree = "<group>"; };
		BF1EC23E1C49414F0016F425 /* UserSelect.swift */ = {isa = PBXFileReference; fileEncoding = 4; lastKnownFileType = sourcecode.swift; name = UserSelect.swift; path = UserSelect/UserSelect.swift; sourceTree = "<group>"; };
		BF23368A1C563F4200F0AE41 /* ChatAudioPlayer.swift */ = {isa = PBXFileReference; fileEncoding = 4; lastKnownFileType = sourcecode.swift; name = ChatAudioPlayer.swift; path = Message/Chat/ChatAudioPlayer.swift; sourceTree = "<group>"; };
		BF23368D1C56529B00F0AE41 /* ChatRequester.swift */ = {isa = PBXFileReference; fileEncoding = 4; lastKnownFileType = sourcecode.swift; name = ChatRequester.swift; path = Message/Chat/Network/ChatRequester.swift; sourceTree = "<group>"; };
		BF23368F1C5669A000F0AE41 /* ChatRecordDataSource.swift */ = {isa = PBXFileReference; fileEncoding = 4; lastKnownFileType = sourcecode.swift; name = ChatRecordDataSource.swift; path = Message/Chat/Network/ChatRecordDataSource.swift; sourceTree = "<group>"; };
		BF2336911C5732D800F0AE41 /* ChatCell.swift */ = {isa = PBXFileReference; fileEncoding = 4; lastKnownFileType = sourcecode.swift; name = ChatCell.swift; path = Message/Chat/ChatCell.swift; sourceTree = "<group>"; };
		BF2336931C57353C00F0AE41 /* ChatWave.swift */ = {isa = PBXFileReference; fileEncoding = 4; lastKnownFileType = sourcecode.swift; name = ChatWave.swift; path = Message/Chat/ChatWave.swift; sourceTree = "<group>"; };
		BF268FC71C32C76A005D1B68 /* NewsDetail.swift */ = {isa = PBXFileReference; fileEncoding = 4; lastKnownFileType = sourcecode.swift; name = NewsDetail.swift; path = News/NewsDetail.swift; sourceTree = "<group>"; };
		BF26FD3C1C686E5A0077D1F0 /* GroupSettings.swift */ = {isa = PBXFileReference; fileEncoding = 4; lastKnownFileType = sourcecode.swift; name = GroupSettings.swift; path = Message/Chat/GroupSettings.swift; sourceTree = "<group>"; };
		BF26FD3F1C6878C40077D1F0 /* Activity.swift */ = {isa = PBXFileReference; fileEncoding = 4; lastKnownFileType = sourcecode.swift; name = Activity.swift; path = Model/Activity.swift; sourceTree = "<group>"; };
		BF26FD431C6879820077D1F0 /* Activity.generated.swift */ = {isa = PBXFileReference; fileEncoding = 4; lastKnownFileType = sourcecode.swift; name = Activity.generated.swift; path = Model/Activity.generated.swift; sourceTree = "<group>"; };
		BF27E6CC1C38457F0074771D /* MakeCommentPanel.swift */ = {isa = PBXFileReference; fileEncoding = 4; lastKnownFileType = sourcecode.swift; name = MakeCommentPanel.swift; path = News/MakeCommentPanel.swift; sourceTree = "<group>"; };
		BF2959911C1DC9870071385D /* SportCarSelect.swift */ = {isa = PBXFileReference; fileEncoding = 4; lastKnownFileType = sourcecode.swift; name = SportCarSelect.swift; path = Accounts/SportCarSelect.swift; sourceTree = "<group>"; };
		BF2BE20E1C2938B000DD0CF9 /* Profile.swift */ = {isa = PBXFileReference; fileEncoding = 4; lastKnownFileType = sourcecode.swift; name = Profile.swift; path = Model/Profile.swift; sourceTree = "<group>"; };
		BF2BE2101C2938B000DD0CF9 /* Club.swift */ = {isa = PBXFileReference; fileEncoding = 4; lastKnownFileType = sourcecode.swift; name = Club.swift; path = Model/Club.swift; sourceTree = "<group>"; };
		BF2BE2121C2938B000DD0CF9 /* ClubJoining.swift */ = {isa = PBXFileReference; fileEncoding = 4; lastKnownFileType = sourcecode.swift; name = ClubJoining.swift; path = Model/ClubJoining.swift; sourceTree = "<group>"; };
		BF2BE2191C29390200DD0CF9 /* Club.generated.swift */ = {isa = PBXFileReference; fileEncoding = 4; lastKnownFileType = sourcecode.swift; name = Club.generated.swift; path = Model/Club.generated.swift; sourceTree = "<group>"; };
		BF2BE21A1C29390200DD0CF9 /* ClubJoining.generated.swift */ = {isa = PBXFileReference; fileEncoding = 4; lastKnownFileType = sourcecode.swift; name = ClubJoining.generated.swift; path = Model/ClubJoining.generated.swift; sourceTree = "<group>"; };
		BF2BE21B1C29390200DD0CF9 /* Profile.generated.swift */ = {isa = PBXFileReference; fileEncoding = 4; lastKnownFileType = sourcecode.swift; name = Profile.generated.swift; path = Model/Profile.generated.swift; sourceTree = "<group>"; };
		BF2F7E8D1C62F39A00E3A3A2 /* NotificationCtrl.swift */ = {isa = PBXFileReference; fileEncoding = 4; lastKnownFileType = sourcecode.swift; name = NotificationCtrl.swift; path = Message/Notification/NotificationCtrl.swift; sourceTree = "<group>"; };
		BF2F7E901C644A3400E3A3A2 /* Notification.swift */ = {isa = PBXFileReference; fileEncoding = 4; lastKnownFileType = sourcecode.swift; name = Notification.swift; path = Model/Notification.swift; sourceTree = "<group>"; };
		BF2F7E941C644A8A00E3A3A2 /* Notification.generated.swift */ = {isa = PBXFileReference; fileEncoding = 4; lastKnownFileType = sourcecode.swift; name = Notification.generated.swift; path = Model/Notification.generated.swift; sourceTree = "<group>"; };
		BF2F7E961C644C7600E3A3A2 /* NotificationCell.swift */ = {isa = PBXFileReference; fileEncoding = 4; lastKnownFileType = sourcecode.swift; name = NotificationCell.swift; path = Message/Notification/NotificationCell.swift; sourceTree = "<group>"; };
		BF32EEAF1C08B22F0098FEC1 /* Podfile */ = {isa = PBXFileReference; fileEncoding = 4; lastKnownFileType = text; path = Podfile; sourceTree = "<group>"; xcLanguageSpecificationIdentifier = xcode.lang.ruby; };
		BF3387E51C47C2AF00B95CAB /* StatusReleaseController.swift */ = {isa = PBXFileReference; fileEncoding = 4; lastKnownFileType = sourcecode.swift; name = StatusReleaseController.swift; path = Status/Release/StatusReleaseController.swift; sourceTree = "<group>"; };
		BF3BD5E91C28E89000499674 /* Settings.bundle */ = {isa = PBXFileReference; lastKnownFileType = "wrapper.plug-in"; path = Settings.bundle; sourceTree = "<group>"; };
		BF49FBAC1C19424D0019EBC2 /* ShinyButton.swift */ = {isa = PBXFileReference; fileEncoding = 4; lastKnownFileType = sourcecode.swift; name = ShinyButton.swift; path = Accounts/ShinyButton.swift; sourceTree = "<group>"; };
		BF51070C1C609B45008DC14F /* ChatAudioRecorder.swift */ = {isa = PBXFileReference; fileEncoding = 4; lastKnownFileType = sourcecode.swift; name = ChatAudioRecorder.swift; path = Message/Chat/Record/ChatAudioRecorder.swift; sourceTree = "<group>"; };
		BF5107101C60CB65008DC14F /* ChatList.swift */ = {isa = PBXFileReference; fileEncoding = 4; lastKnownFileType = sourcecode.swift; name = ChatList.swift; path = Message/Chat/ChatList.swift; sourceTree = "<group>"; };
		BF5107121C60CBA6008DC14F /* ChatListCell.swift */ = {isa = PBXFileReference; fileEncoding = 4; lastKnownFileType = sourcecode.swift; name = ChatListCell.swift; path = Message/Chat/ChatListCell.swift; sourceTree = "<group>"; };
		BF5107141C60D28A008DC14F /* MyOrderedDict.swift */ = {isa = PBXFileReference; fileEncoding = 4; lastKnownFileType = sourcecode.swift; name = MyOrderedDict.swift; path = BaseTemplate/MyOrderedDict.swift; sourceTree = "<group>"; };
		BF5491CA1C22FD1A0090D151 /* SportCar.swift */ = {isa = PBXFileReference; fileEncoding = 4; lastKnownFileType = sourcecode.swift; name = SportCar.swift; path = Model/SportCar.swift; sourceTree = "<group>"; };
		BF5491CC1C22FD1A0090D151 /* SportCarOwnerShip.swift */ = {isa = PBXFileReference; fileEncoding = 4; lastKnownFileType = sourcecode.swift; name = SportCarOwnerShip.swift; path = Model/SportCarOwnerShip.swift; sourceTree = "<group>"; };
		BF5491CE1C22FD1A0090D151 /* User.swift */ = {isa = PBXFileReference; fileEncoding = 4; lastKnownFileType = sourcecode.swift; name = User.swift; path = Model/User.swift; sourceTree = "<group>"; };
		BF5491D51C22FD660090D151 /* SportCarOwnerShip.generated.swift */ = {isa = PBXFileReference; fileEncoding = 4; lastKnownFileType = sourcecode.swift; name = SportCarOwnerShip.generated.swift; path = Model/SportCarOwnerShip.generated.swift; sourceTree = "<group>"; };
		BF5491D61C22FD660090D151 /* SportCar.generated.swift */ = {isa = PBXFileReference; fileEncoding = 4; lastKnownFileType = sourcecode.swift; name = SportCar.generated.swift; path = Model/SportCar.generated.swift; sourceTree = "<group>"; };
		BF5491D71C22FD660090D151 /* User.generated.swift */ = {isa = PBXFileReference; fileEncoding = 4; lastKnownFileType = sourcecode.swift; name = User.generated.swift; path = Model/User.generated.swift; sourceTree = "<group>"; };
		BF54DD671C2EB4FE00F635C0 /* NewsController.swift */ = {isa = PBXFileReference; fileEncoding = 4; lastKnownFileType = sourcecode.swift; name = NewsController.swift; path = News/NewsController.swift; sourceTree = "<group>"; };
		BF54DD6A1C2EB95F00F635C0 /* News.swift */ = {isa = PBXFileReference; fileEncoding = 4; lastKnownFileType = sourcecode.swift; name = News.swift; path = Model/News.swift; sourceTree = "<group>"; };
		BF54DD6C1C2EB95F00F635C0 /* NewsComment.swift */ = {isa = PBXFileReference; fileEncoding = 4; lastKnownFileType = sourcecode.swift; name = NewsComment.swift; path = Model/NewsComment.swift; sourceTree = "<group>"; };
		BF54DD721C2EB9A800F635C0 /* News.generated.swift */ = {isa = PBXFileReference; fileEncoding = 4; lastKnownFileType = sourcecode.swift; name = News.generated.swift; path = Model/News.generated.swift; sourceTree = "<group>"; };
		BF54DD731C2EB9A800F635C0 /* NewsComment.generated.swift */ = {isa = PBXFileReference; fileEncoding = 4; lastKnownFileType = sourcecode.swift; name = NewsComment.generated.swift; path = Model/NewsComment.generated.swift; sourceTree = "<group>"; };
		BF54DD761C2EBDE800F635C0 /* NewsCell.swift */ = {isa = PBXFileReference; fileEncoding = 4; lastKnownFileType = sourcecode.swift; name = NewsCell.swift; path = News/NewsCell.swift; sourceTree = "<group>"; };
		BF54DD791C303D5100F635C0 /* NewsRequester.swift */ = {isa = PBXFileReference; fileEncoding = 4; lastKnownFileType = sourcecode.swift; name = NewsRequester.swift; path = News/NewsRequester.swift; sourceTree = "<group>"; };
		BF58990B1C4CFF26005496EA /* informUser.swift */ = {isa = PBXFileReference; fileEncoding = 4; lastKnownFileType = sourcecode.swift; name = informUser.swift; path = Status/Release/informUser.swift; sourceTree = "<group>"; };
		BF58990D1C4D14A3005496EA /* SportCarSelectList.swift */ = {isa = PBXFileReference; fileEncoding = 4; lastKnownFileType = sourcecode.swift; name = SportCarSelectList.swift; path = Status/Release/SportCarSelectList.swift; sourceTree = "<group>"; };
		BF5FF0EC1C15B4860050F5FE /* GlobalVariables.swift */ = {isa = PBXFileReference; fileEncoding = 4; lastKnownFileType = sourcecode.swift; path = GlobalVariables.swift; sourceTree = "<group>"; };
		BF6308971C1965AF0087A4F0 /* Agreement.swift */ = {isa = PBXFileReference; fileEncoding = 4; lastKnownFileType = sourcecode.swift; name = Agreement.swift; path = Accounts/Agreement.swift; sourceTree = "<group>"; };
		BF63089C1C1970AB0087A4F0 /* Localizable.strings */ = {isa = PBXFileReference; fileEncoding = 4; lastKnownFileType = text.plist.strings; path = Localizable.strings; sourceTree = "<group>"; };
		BF63089E1C1972050087A4F0 /* agreement.rtf */ = {isa = PBXFileReference; fileEncoding = 4; lastKnownFileType = text.rtf; name = agreement.rtf; path = Accounts/agreement.rtf; sourceTree = "<group>"; };
		BF6308A21C19A8040087A4F0 /* ResetPassword.swift */ = {isa = PBXFileReference; fileEncoding = 4; lastKnownFileType = sourcecode.swift; name = ResetPassword.swift; path = Accounts/ResetPassword.swift; sourceTree = "<group>"; };
		BF6308A41C19AF600087A4F0 /* ProfileInformation.swift */ = {isa = PBXFileReference; fileEncoding = 4; lastKnownFileType = sourcecode.swift; name = ProfileInformation.swift; path = Accounts/ProfileInformation.swift; sourceTree = "<group>"; };
		BF6308AB1C19B7D20087A4F0 /* AccountRequester.swift */ = {isa = PBXFileReference; fileEncoding = 4; lastKnownFileType = sourcecode.swift; name = AccountRequester.swift; path = Accounts/AccountRequester.swift; sourceTree = "<group>"; };
		BF67816B1C15AA77001C89AE /* AccountController.swift */ = {isa = PBXFileReference; fileEncoding = 4; lastKnownFileType = sourcecode.swift; name = AccountController.swift; path = Accounts/AccountController.swift; sourceTree = "<group>"; };
		BF67816F1C15AB10001C89AE /* LoginRegister.swift */ = {isa = PBXFileReference; fileEncoding = 4; lastKnownFileType = sourcecode.swift; name = LoginRegister.swift; path = Accounts/LoginRegister.swift; sourceTree = "<group>"; };
		BF8D0DC21C424E710070B921 /* ViewControllerExtensions.swift */ = {isa = PBXFileReference; fileEncoding = 4; lastKnownFileType = sourcecode.swift; name = ViewControllerExtensions.swift; path = BaseTemplate/ViewControllerExtensions.swift; sourceTree = "<group>"; };
		BF9404961C2818C3001ABB1E /* AppLauchner.swift */ = {isa = PBXFileReference; fileEncoding = 4; lastKnownFileType = sourcecode.swift; name = AppLauchner.swift; path = Home/AppLauchner.swift; sourceTree = "<group>"; };
		BFA1FEFC1C36DD8500F127FA /* NewsDetailCommentCell.swift */ = {isa = PBXFileReference; fileEncoding = 4; lastKnownFileType = sourcecode.swift; name = NewsDetailCommentCell.swift; path = News/NewsDetailCommentCell.swift; sourceTree = "<group>"; };
		BFA2C7681C40F97D00202EF0 /* frameworkextensions.swift */ = {isa = PBXFileReference; fileEncoding = 4; lastKnownFileType = sourcecode.swift; name = frameworkextensions.swift; path = BaseTemplate/frameworkextensions.swift; sourceTree = "<group>"; };
		BFA2C76A1C412B1500202EF0 /* CommentPanel.swift */ = {isa = PBXFileReference; fileEncoding = 4; lastKnownFileType = sourcecode.swift; name = CommentPanel.swift; path = News/CommentPanel.swift; sourceTree = "<group>"; };
		BFAA0CA81C46009F00AB5C3C /* StatusRequester.swift */ = {isa = PBXFileReference; fileEncoding = 4; lastKnownFileType = sourcecode.swift; name = StatusRequester.swift; path = Status/Network/StatusRequester.swift; sourceTree = "<group>"; };
		BFAA0CAB1C46221B00AB5C3C /* StatusReleaseCoverSelectController.swift */ = {isa = PBXFileReference; fileEncoding = 4; lastKnownFileType = sourcecode.swift; name = StatusReleaseCoverSelectController.swift; path = Status/Release/StatusReleaseCoverSelectController.swift; sourceTree = "<group>"; };
		BFAA0CAD1C4667A500AB5C3C /* StatusReleasePhotoAlbumListController.swift */ = {isa = PBXFileReference; fileEncoding = 4; lastKnownFileType = sourcecode.swift; name = StatusReleasePhotoAlbumListController.swift; path = Status/StatusReleasePhotoAlbumListController.swift; sourceTree = "<group>"; };
		BFAC52261C1C5F9500107F71 /* AuthCodeBtnView.swift */ = {isa = PBXFileReference; fileEncoding = 4; lastKnownFileType = sourcecode.swift; name = AuthCodeBtnView.swift; path = Accounts/AuthCodeBtnView.swift; sourceTree = "<group>"; };
		BFAC52291C1C84A700107F71 /* InputableViewController.swift */ = {isa = PBXFileReference; fileEncoding = 4; lastKnownFileType = sourcecode.swift; name = InputableViewController.swift; path = BaseTemplate/InputableViewController.swift; sourceTree = "<group>"; };
		BFB39CCA1C1EA20200FB6B5D /* sportcar.plist */ = {isa = PBXFileReference; fileEncoding = 4; lastKnownFileType = text.plist.xml; name = sportcar.plist; path = BaseTemplate/SportCarBrandSelect/sportcar.plist; sourceTree = "<group>"; };
		BFB39CCC1C1EA45500FB6B5D /* SportCarBrandSelecter.swift */ = {isa = PBXFileReference; fileEncoding = 4; lastKnownFileType = sourcecode.swift; name = SportCarBrandSelecter.swift; path = BaseTemplate/SportCarBrandSelect/SportCarBrandSelecter.swift; sourceTree = "<group>"; };
		BFBC526D1C52944200EE7D34 /* MessageController.swift */ = {isa = PBXFileReference; fileEncoding = 4; lastKnownFileType = sourcecode.swift; name = MessageController.swift; path = Message/Notification/MessageController.swift; sourceTree = "<group>"; };
		BFBC52701C52946300EE7D34 /* ChatController.swift */ = {isa = PBXFileReference; fileEncoding = 4; lastKnownFileType = sourcecode.swift; name = ChatController.swift; path = Message/Chat/ChatController.swift; sourceTree = "<group>"; };
		BFBC52731C53877100EE7D34 /* ChatRecord.swift */ = {isa = PBXFileReference; fileEncoding = 4; lastKnownFileType = sourcecode.swift; name = ChatRecord.swift; path = Model/ChatRecord.swift; sourceTree = "<group>"; };
		BFBC52761C5388BE00EE7D34 /* ChatRecord.generated.swift */ = {isa = PBXFileReference; fileEncoding = 4; lastKnownFileType = sourcecode.swift; name = ChatRecord.generated.swift; path = Model/ChatRecord.generated.swift; sourceTree = "<group>"; };
		BFBC52781C53902500EE7D34 /* ChatOpPanel.swift */ = {isa = PBXFileReference; fileEncoding = 4; lastKnownFileType = sourcecode.swift; name = ChatOpPanel.swift; path = Message/Chat/ChatOpPanel.swift; sourceTree = "<group>"; };
		BFBC527C1C53CE8D00EE7D34 /* ChatAudioAnalyser.swift */ = {isa = PBXFileReference; fileEncoding = 4; lastKnownFileType = sourcecode.swift; name = ChatAudioAnalyser.swift; path = Message/Chat/ChatAudioAnalyser.swift; sourceTree = "<group>"; };
		BFBEA0831C2152F200F04F9A /* Wrapper.swift */ = {isa = PBXFileReference; fileEncoding = 4; lastKnownFileType = sourcecode.swift; name = Wrapper.swift; path = BaseTemplate/Wrapper.swift; sourceTree = "<group>"; };
		BFC36B981C698D5900DC6FE2 /* PersonController.swift */ = {isa = PBXFileReference; fileEncoding = 4; lastKnownFileType = sourcecode.swift; name = PersonController.swift; path = Person/PersonController.swift; sourceTree = "<group>"; };
		BFC36B9B1C698DD200DC6FE2 /* PersonMyHeader.swift */ = {isa = PBXFileReference; fileEncoding = 4; lastKnownFileType = sourcecode.swift; name = PersonMyHeader.swift; path = Person/PersonMyHeader.swift; sourceTree = "<group>"; };
		BFC36B9D1C699B7500DC6FE2 /* PersonOtherHeader.swift */ = {isa = PBXFileReference; fileEncoding = 4; lastKnownFileType = sourcecode.swift; name = PersonOtherHeader.swift; path = Person/PersonOtherHeader.swift; sourceTree = "<group>"; };
		BFC36B9F1C69A6A900DC6FE2 /* PersonDataSource.swift */ = {isa = PBXFileReference; fileEncoding = 4; lastKnownFileType = sourcecode.swift; name = PersonDataSource.swift; path = Person/PersonDataSource.swift; sourceTree = "<group>"; };
		BFC36BA21C69A90400DC6FE2 /* SportscarViewList.swift */ = {isa = PBXFileReference; fileEncoding = 4; lastKnownFileType = sourcecode.swift; name = SportscarViewList.swift; path = Person/SportscarViewList.swift; sourceTree = "<group>"; };
		BFC36BA41C6AE5F500DC6FE2 /* SportCarInfo.swift */ = {isa = PBXFileReference; fileEncoding = 4; lastKnownFileType = sourcecode.swift; name = SportCarInfo.swift; path = Person/SportCarInfo.swift; sourceTree = "<group>"; };
		BFC712EA1C2C3B4F00A71F4C /* UserUtilities.swift */ = {isa = PBXFileReference; fileEncoding = 4; lastKnownFileType = sourcecode.swift; name = UserUtilities.swift; path = Model/UserUtilities.swift; sourceTree = "<group>"; };
		BFC712ED1C2C431900A71F4C /* StatusComment.swift */ = {isa = PBXFileReference; fileEncoding = 4; lastKnownFileType = sourcecode.swift; name = StatusComment.swift; path = Model/StatusComment.swift; sourceTree = "<group>"; };
		BFC712EF1C2C431900A71F4C /* Status.swift */ = {isa = PBXFileReference; fileEncoding = 4; lastKnownFileType = sourcecode.swift; name = Status.swift; path = Model/Status.swift; sourceTree = "<group>"; };
		BFC712F91C2C439900A71F4C /* Status.generated.swift */ = {isa = PBXFileReference; fileEncoding = 4; lastKnownFileType = sourcecode.swift; name = Status.generated.swift; path = Model/Status.generated.swift; sourceTree = "<group>"; };
		BFC712FA1C2C439900A71F4C /* StatusComment.generated.swift */ = {isa = PBXFileReference; fileEncoding = 4; lastKnownFileType = sourcecode.swift; name = StatusComment.generated.swift; path = Model/StatusComment.generated.swift; sourceTree = "<group>"; };
		BFCA90091C4FC64300B05E74 /* StatusHome.swift */ = {isa = PBXFileReference; fileEncoding = 4; lastKnownFileType = sourcecode.swift; name = StatusHome.swift; path = Status/StatusHome.swift; sourceTree = "<group>"; };
		BFCA900B1C4FC74B00B05E74 /* StatusCell.swift */ = {isa = PBXFileReference; fileEncoding = 4; lastKnownFileType = sourcecode.swift; name = StatusCell.swift; path = Status/StatusCell.swift; sourceTree = "<group>"; };
		BFCA900E1C50A09100B05E74 /* StatusBasic.swift */ = {isa = PBXFileReference; fileEncoding = 4; lastKnownFileType = sourcecode.swift; name = StatusBasic.swift; path = Status/HomeSubviews/StatusBasic.swift; sourceTree = "<group>"; };
		BFCA90101C50A0C000B05E74 /* StatusFollow.swift */ = {isa = PBXFileReference; fileEncoding = 4; lastKnownFileType = sourcecode.swift; name = StatusFollow.swift; path = Status/HomeSubviews/StatusFollow.swift; sourceTree = "<group>"; };
		BFCA90131C50D6CB00B05E74 /* StatusDetail.swift */ = {isa = PBXFileReference; fileEncoding = 4; lastKnownFileType = sourcecode.swift; name = StatusDetail.swift; path = Status/Detail/StatusDetail.swift; sourceTree = "<group>"; };
		BFCB96351C1F0551004F77E8 /* BlackBarNavigationController.swift */ = {isa = PBXFileReference; fileEncoding = 4; lastKnownFileType = sourcecode.swift; path = BlackBarNavigationController.swift; sourceTree = "<group>"; };
		BFCB96371C1F0DA8004F77E8 /* SportCarBrandSelecterDetail.swift */ = {isa = PBXFileReference; fileEncoding = 4; lastKnownFileType = sourcecode.swift; name = SportCarBrandSelecterDetail.swift; path = BaseTemplate/SportCarBrandSelect/SportCarBrandSelecterDetail.swift; sourceTree = "<group>"; };
		BFCB96391C1FB0AE004F77E8 /* SportCarRequester.swift */ = {isa = PBXFileReference; fileEncoding = 4; lastKnownFileType = sourcecode.swift; name = SportCarRequester.swift; path = Accounts/SportCarRequester.swift; sourceTree = "<group>"; };
		BFCB963B1C1FFD2D004F77E8 /* SportCarSelectDetail.swift */ = {isa = PBXFileReference; fileEncoding = 4; lastKnownFileType = sourcecode.swift; name = SportCarSelectDetail.swift; path = Accounts/SportCarSelectDetail.swift; sourceTree = "<group>"; };
		BFCB963F1C205DF1004F77E8 /* Home.swift */ = {isa = PBXFileReference; fileEncoding = 4; lastKnownFileType = sourcecode.swift; name = Home.swift; path = Home/Home.swift; sourceTree = "<group>"; };
		BFCB96431C206169004F77E8 /* SideBar.swift */ = {isa = PBXFileReference; fileEncoding = 4; lastKnownFileType = sourcecode.swift; name = SideBar.swift; path = Home/SideBar.swift; sourceTree = "<group>"; };
		BFCB96451C2061E0004F77E8 /* LoadingButton.swift */ = {isa = PBXFileReference; fileEncoding = 4; lastKnownFileType = sourcecode.swift; name = LoadingButton.swift; path = BaseTemplate/LoadingButton.swift; sourceTree = "<group>"; };
		BFEFB5E21C5E4C8600841BF4 /* chatAccessoryBoard.swift */ = {isa = PBXFileReference; fileEncoding = 4; lastKnownFileType = sourcecode.swift; name = chatAccessoryBoard.swift; path = Message/Chat/chatAccessoryBoard.swift; sourceTree = "<group>"; };
		BFFA51121C05D9910019E5EF /* SportCarClient.app */ = {isa = PBXFileReference; explicitFileType = wrapper.application; includeInIndex = 0; path = SportCarClient.app; sourceTree = BUILT_PRODUCTS_DIR; };
		BFFA51151C05D9910019E5EF /* AppDelegate.swift */ = {isa = PBXFileReference; lastKnownFileType = sourcecode.swift; path = AppDelegate.swift; sourceTree = "<group>"; };
		BFFA511D1C05D9920019E5EF /* SportCarClient.xcdatamodel */ = {isa = PBXFileReference; lastKnownFileType = wrapper.xcdatamodel; path = SportCarClient.xcdatamodel; sourceTree = "<group>"; };
		BFFA511F1C05D9920019E5EF /* status.xcassets */ = {isa = PBXFileReference; lastKnownFileType = folder.assetcatalog; path = status.xcassets; sourceTree = "<group>"; };
		BFFA51241C05D9920019E5EF /* Info.plist */ = {isa = PBXFileReference; lastKnownFileType = text.plist.xml; path = Info.plist; sourceTree = "<group>"; };
		BFFA51291C05D9920019E5EF /* SportCarClientTests.xctest */ = {isa = PBXFileReference; explicitFileType = wrapper.cfbundle; includeInIndex = 0; path = SportCarClientTests.xctest; sourceTree = BUILT_PRODUCTS_DIR; };
		BFFA512D1C05D9920019E5EF /* SportCarClientTests.swift */ = {isa = PBXFileReference; lastKnownFileType = sourcecode.swift; path = SportCarClientTests.swift; sourceTree = "<group>"; };
		BFFA512F1C05D9920019E5EF /* Info.plist */ = {isa = PBXFileReference; lastKnownFileType = text.plist.xml; path = Info.plist; sourceTree = "<group>"; };
		BFFA51341C05D9920019E5EF /* SportCarClientUITests.xctest */ = {isa = PBXFileReference; explicitFileType = wrapper.cfbundle; includeInIndex = 0; path = SportCarClientUITests.xctest; sourceTree = BUILT_PRODUCTS_DIR; };
		BFFA51381C05D9920019E5EF /* SportCarClientUITests.swift */ = {isa = PBXFileReference; lastKnownFileType = sourcecode.swift; path = SportCarClientUITests.swift; sourceTree = "<group>"; };
		BFFA513A1C05D9920019E5EF /* Info.plist */ = {isa = PBXFileReference; lastKnownFileType = text.plist.xml; path = Info.plist; sourceTree = "<group>"; };
		BFFBA80C1C6595CF00991642 /* privateSettings.swift */ = {isa = PBXFileReference; fileEncoding = 4; lastKnownFileType = sourcecode.swift; name = privateSettings.swift; path = Message/Chat/privateSettings.swift; sourceTree = "<group>"; };
		BFFBA80F1C65D7B100991642 /* InlineUserSelect.swift */ = {isa = PBXFileReference; fileEncoding = 4; lastKnownFileType = sourcecode.swift; name = InlineUserSelect.swift; path = BaseTemplate/InlineUserSelect.swift; sourceTree = "<group>"; };
		BFFBA8121C65E5B900991642 /* PrivateSettingsCell.swift */ = {isa = PBXFileReference; fileEncoding = 4; lastKnownFileType = sourcecode.swift; name = PrivateSettingsCell.swift; path = Message/Chat/PrivateSettingsCell.swift; sourceTree = "<group>"; };
		DFE647654049B5FDB81F8A93 /* Pods.release.xcconfig */ = {isa = PBXFileReference; includeInIndex = 1; lastKnownFileType = text.xcconfig; name = Pods.release.xcconfig; path = "Pods/Target Support Files/Pods/Pods.release.xcconfig"; sourceTree = "<group>"; };
/* End PBXFileReference section */

/* Begin PBXFrameworksBuildPhase section */
		BFFA510F1C05D9910019E5EF /* Frameworks */ = {
			isa = PBXFrameworksBuildPhase;
			buildActionMask = 2147483647;
			files = (
				4C0E9B8BF9971DCA600BA9B5 /* Pods.framework in Frameworks */,
				59709BA10C676D5E26BB2779 /* Pods_SportCarClient.framework in Frameworks */,
			);
			runOnlyForDeploymentPostprocessing = 0;
		};
		BFFA51261C05D9920019E5EF /* Frameworks */ = {
			isa = PBXFrameworksBuildPhase;
			buildActionMask = 2147483647;
			files = (
			);
			runOnlyForDeploymentPostprocessing = 0;
		};
		BFFA51311C05D9920019E5EF /* Frameworks */ = {
			isa = PBXFrameworksBuildPhase;
			buildActionMask = 2147483647;
			files = (
			);
			runOnlyForDeploymentPostprocessing = 0;
		};
/* End PBXFrameworksBuildPhase section */

/* Begin PBXGroup section */
		90C4926835EEBA7FA63E22DF /* Frameworks */ = {
			isa = PBXGroup;
			children = (
				193AAD04EA67F014D002240C /* Pods.framework */,
				9A5E49C1C25FA1645A7E44A3 /* Pods_SportCarClient.framework */,
			);
			name = Frameworks;
			sourceTree = "<group>";
		};
		9A8E06F57F11378672ABA2AD /* Pods */ = {
			isa = PBXGroup;
			children = (
				3B8D1CED12B1FC1DE651D9DA /* Pods.debug.xcconfig */,
				DFE647654049B5FDB81F8A93 /* Pods.release.xcconfig */,
			);
			name = Pods;
			sourceTree = "<group>";
		};
		BF139E661C4DE0650022F4FC /* Map */ = {
			isa = PBXGroup;
			children = (
				BF139E671C4DE0750022F4FC /* MapManager.swift */,
			);
			name = Map;
			sourceTree = "<group>";
		};
		BF1D93541C52775900FD9997 /* Views */ = {
			isa = PBXGroup;
			children = (
				BF1D93551C52776F00FD9997 /* DetailCommentCell.swift */,
			);
			name = Views;
			sourceTree = "<group>";
		};
		BF1EC23D1C4941350016F425 /* UserSelect */ = {
			isa = PBXGroup;
			children = (
				BF1EC23E1C49414F0016F425 /* UserSelect.swift */,
				BF139E6D1C4E6E8E0022F4FC /* FFSelect.swift */,
			);
			name = UserSelect;
			sourceTree = "<group>";
		};
		BF23368C1C56526B00F0AE41 /* Network */ = {
			isa = PBXGroup;
			children = (
				BF23368D1C56529B00F0AE41 /* ChatRequester.swift */,
				BF23368F1C5669A000F0AE41 /* ChatRecordDataSource.swift */,
			);
			name = Network;
			sourceTree = "<group>";
		};
		BF268FC61C32C757005D1B68 /* Detail */ = {
			isa = PBXGroup;
			children = (
				BF268FC71C32C76A005D1B68 /* NewsDetail.swift */,
				BFA1FEFC1C36DD8500F127FA /* NewsDetailCommentCell.swift */,
				BF27E6CC1C38457F0074771D /* MakeCommentPanel.swift */,
				BFA2C76A1C412B1500202EF0 /* CommentPanel.swift */,
			);
			name = Detail;
			sourceTree = "<group>";
		};
		BF26FD421C6878CE0077D1F0 /* Activity */ = {
			isa = PBXGroup;
			children = (
				BF26FD431C6879820077D1F0 /* Activity.generated.swift */,
				BF26FD3F1C6878C40077D1F0 /* Activity.swift */,
			);
			name = Activity;
			sourceTree = "<group>";
		};
		BF2BE21F1C29395B00DD0CF9 /* Club */ = {
			isa = PBXGroup;
			children = (
				BF2BE2191C29390200DD0CF9 /* Club.generated.swift */,
				BF2BE2101C2938B000DD0CF9 /* Club.swift */,
			);
			name = Club;
			sourceTree = "<group>";
		};
		BF2BE2201C29396100DD0CF9 /* Profile */ = {
			isa = PBXGroup;
			children = (
				BF2BE21B1C29390200DD0CF9 /* Profile.generated.swift */,
				BF2BE20E1C2938B000DD0CF9 /* Profile.swift */,
			);
			name = Profile;
			sourceTree = "<group>";
		};
		BF2BE2211C29396900DD0CF9 /* ClubJoining */ = {
			isa = PBXGroup;
			children = (
				BF2BE21A1C29390200DD0CF9 /* ClubJoining.generated.swift */,
				BF2BE2121C2938B000DD0CF9 /* ClubJoining.swift */,
			);
			name = ClubJoining;
			sourceTree = "<group>";
		};
		BF2BE2261C293ED500DD0CF9 /* Location */ = {
			isa = PBXGroup;
			children = (
			);
			name = Location;
			sourceTree = "<group>";
		};
		BF2F7E8C1C62F37E00E3A3A2 /* Notification */ = {
			isa = PBXGroup;
			children = (
				BF2F7E8D1C62F39A00E3A3A2 /* NotificationCtrl.swift */,
				BF2F7E961C644C7600E3A3A2 /* NotificationCell.swift */,
			);
			name = Notification;
			sourceTree = "<group>";
		};
		BF2F7E931C644A3B00E3A3A2 /* Notification */ = {
			isa = PBXGroup;
			children = (
				BF2F7E941C644A8A00E3A3A2 /* Notification.generated.swift */,
				BF2F7E901C644A3400E3A3A2 /* Notification.swift */,
			);
			name = Notification;
			sourceTree = "<group>";
		};
		BF32EEAA1C088CF60098FEC1 /* Account */ = {
			isa = PBXGroup;
			children = (
				BF6308A81C19B3F90087A4F0 /* Network */,
				BF6308991C1967A60087A4F0 /* data */,
				BF49FBAB1C1940110019EBC2 /* ToolViews */,
				BF6308A61C19B3D10087A4F0 /* Views */,
			);
			name = Account;
			sourceTree = "<group>";
		};
		BF49FBAB1C1940110019EBC2 /* ToolViews */ = {
			isa = PBXGroup;
			children = (
				BF49FBAC1C19424D0019EBC2 /* ShinyButton.swift */,
				BFAC52261C1C5F9500107F71 /* AuthCodeBtnView.swift */,
			);
			name = ToolViews;
			sourceTree = "<group>";
		};
		BF51070B1C5F2709008DC14F /* Record */ = {
			isa = PBXGroup;
			children = (
				BF51070C1C609B45008DC14F /* ChatAudioRecorder.swift */,
			);
			name = Record;
			sourceTree = "<group>";
		};
		BF51070E1C60CB4B008DC14F /* detail */ = {
			isa = PBXGroup;
			children = (
				BFBC52701C52946300EE7D34 /* ChatController.swift */,
				BFBC52781C53902500EE7D34 /* ChatOpPanel.swift */,
				BFBC527C1C53CE8D00EE7D34 /* ChatAudioAnalyser.swift */,
				BF23368A1C563F4200F0AE41 /* ChatAudioPlayer.swift */,
				BF2336911C5732D800F0AE41 /* ChatCell.swift */,
				BF2336931C57353C00F0AE41 /* ChatWave.swift */,
				BFEFB5E21C5E4C8600841BF4 /* chatAccessoryBoard.swift */,
			);
			name = detail;
			sourceTree = "<group>";
		};
		BF51070F1C60CB50008DC14F /* list */ = {
			isa = PBXGroup;
			children = (
				BF5107101C60CB65008DC14F /* ChatList.swift */,
				BF5107121C60CBA6008DC14F /* ChatListCell.swift */,
			);
			name = list;
			sourceTree = "<group>";
		};
		BF5491DB1C22FE7F0090D151 /* User */ = {
			isa = PBXGroup;
			children = (
				BF5491D71C22FD660090D151 /* User.generated.swift */,
				BF5491CE1C22FD1A0090D151 /* User.swift */,
				BFC712EA1C2C3B4F00A71F4C /* UserUtilities.swift */,
			);
			name = User;
			sourceTree = "<group>";
		};
		BF5491DC1C22FE870090D151 /* SportCar */ = {
			isa = PBXGroup;
			children = (
				BF5491D61C22FD660090D151 /* SportCar.generated.swift */,
				BF5491CA1C22FD1A0090D151 /* SportCar.swift */,
			);
			name = SportCar;
			sourceTree = "<group>";
		};
		BF5491DD1C22FE900090D151 /* SportCarOwnership */ = {
			isa = PBXGroup;
			children = (
				BF5491D51C22FD660090D151 /* SportCarOwnerShip.generated.swift */,
				BF5491CC1C22FD1A0090D151 /* SportCarOwnerShip.swift */,
			);
			name = SportCarOwnership;
			sourceTree = "<group>";
		};
		BF5491DE1C23070A0090D151 /* Person */ = {
			isa = PBXGroup;
			children = (
				BFC36BA11C69A8F200DC6FE2 /* Component */,
				BFC36B9A1C698DC000DC6FE2 /* headers */,
				BFC36B981C698D5900DC6FE2 /* PersonController.swift */,
				BFC36B9F1C69A6A900DC6FE2 /* PersonDataSource.swift */,
			);
			name = Person;
			sourceTree = "<group>";
		};
		BF54DD661C2D879000F635C0 /* News */ = {
			isa = PBXGroup;
			children = (
				BF268FC61C32C757005D1B68 /* Detail */,
				BF54DD781C303D4000F635C0 /* Networks */,
				BF54DD671C2EB4FE00F635C0 /* NewsController.swift */,
				BF54DD761C2EBDE800F635C0 /* NewsCell.swift */,
			);
			name = News;
			sourceTree = "<group>";
		};
		BF54DD711C2EB97E00F635C0 /* News */ = {
			isa = PBXGroup;
			children = (
				BF54DD721C2EB9A800F635C0 /* News.generated.swift */,
				BF54DD731C2EB9A800F635C0 /* NewsComment.generated.swift */,
				BF54DD6A1C2EB95F00F635C0 /* News.swift */,
				BF54DD6C1C2EB95F00F635C0 /* NewsComment.swift */,
			);
			name = News;
			sourceTree = "<group>";
		};
		BF54DD781C303D4000F635C0 /* Networks */ = {
			isa = PBXGroup;
			children = (
				BF54DD791C303D5100F635C0 /* NewsRequester.swift */,
			);
			name = Networks;
			sourceTree = "<group>";
		};
		BF58990A1C4CFEC6005496EA /* PhotoSelect */ = {
			isa = PBXGroup;
			children = (
				BFAA0CAB1C46221B00AB5C3C /* StatusReleaseCoverSelectController.swift */,
				BFAA0CAD1C4667A500AB5C3C /* StatusReleasePhotoAlbumListController.swift */,
			);
			name = PhotoSelect;
			sourceTree = "<group>";
		};
		BF6308991C1967A60087A4F0 /* data */ = {
			isa = PBXGroup;
			children = (
				BF63089E1C1972050087A4F0 /* agreement.rtf */,
			);
			name = data;
			sourceTree = "<group>";
		};
		BF6308A61C19B3D10087A4F0 /* Views */ = {
			isa = PBXGroup;
			children = (
				BF67816B1C15AA77001C89AE /* AccountController.swift */,
				BF67816F1C15AB10001C89AE /* LoginRegister.swift */,
				BF6308971C1965AF0087A4F0 /* Agreement.swift */,
				BF6308A21C19A8040087A4F0 /* ResetPassword.swift */,
				BF6308A41C19AF600087A4F0 /* ProfileInformation.swift */,
				BF2959911C1DC9870071385D /* SportCarSelect.swift */,
				BFCB963B1C1FFD2D004F77E8 /* SportCarSelectDetail.swift */,
			);
			name = Views;
			sourceTree = "<group>";
		};
		BF6308A81C19B3F90087A4F0 /* Network */ = {
			isa = PBXGroup;
			children = (
				BF6308AB1C19B7D20087A4F0 /* AccountRequester.swift */,
				BFCB96391C1FB0AE004F77E8 /* SportCarRequester.swift */,
			);
			name = Network;
			sourceTree = "<group>";
		};
		BFA2C7671C40F96400202EF0 /* Tools */ = {
			isa = PBXGroup;
			children = (
				BFA2C7681C40F97D00202EF0 /* frameworkextensions.swift */,
				BF8D0DC21C424E710070B921 /* ViewControllerExtensions.swift */,
				BF5107141C60D28A008DC14F /* MyOrderedDict.swift */,
			);
			name = Tools;
			sourceTree = "<group>";
		};
		BFAA0CAA1C461E2F00AB5C3C /* Release */ = {
			isa = PBXGroup;
			children = (
				BF58990A1C4CFEC6005496EA /* PhotoSelect */,
				BF3387E51C47C2AF00B95CAB /* StatusReleaseController.swift */,
				BF58990B1C4CFF26005496EA /* informUser.swift */,
				BF58990D1C4D14A3005496EA /* SportCarSelectList.swift */,
			);
			name = Release;
			sourceTree = "<group>";
		};
		BFAC52281C1C849000107F71 /* BaseTemplate */ = {
			isa = PBXGroup;
			children = (
				BF1D93541C52775900FD9997 /* Views */,
				BFA2C7671C40F96400202EF0 /* Tools */,
				BFBEA0821C2152E400F04F9A /* Wrapper */,
				BFB39CC91C1E9E6800FB6B5D /* SportCarBrandSelect */,
				BFAC52291C1C84A700107F71 /* InputableViewController.swift */,
				BFCB96351C1F0551004F77E8 /* BlackBarNavigationController.swift */,
				BFCB96451C2061E0004F77E8 /* LoadingButton.swift */,
			);
			name = BaseTemplate;
			sourceTree = "<group>";
		};
		BFB39CC91C1E9E6800FB6B5D /* SportCarBrandSelect */ = {
			isa = PBXGroup;
			children = (
				BFB39CCA1C1EA20200FB6B5D /* sportcar.plist */,
				BFB39CCC1C1EA45500FB6B5D /* SportCarBrandSelecter.swift */,
				BFCB96371C1F0DA8004F77E8 /* SportCarBrandSelecterDetail.swift */,
			);
			name = SportCarBrandSelect;
			sourceTree = "<group>";
		};
		BFBC526B1C5293C700EE7D34 /* Chat */ = {
			isa = PBXGroup;
			children = (
				BFBC52761C5388BE00EE7D34 /* ChatRecord.generated.swift */,
				BFBC52731C53877100EE7D34 /* ChatRecord.swift */,
			);
			name = Chat;
			sourceTree = "<group>";
		};
		BFBC526C1C5293CF00EE7D34 /* Message */ = {
			isa = PBXGroup;
			children = (
				BF2F7E8C1C62F37E00E3A3A2 /* Notification */,
				BF23368C1C56526B00F0AE41 /* Network */,
				BFBC526F1C52944C00EE7D34 /* Chat */,
				BFBC526D1C52944200EE7D34 /* MessageController.swift */,
			);
			name = Message;
			sourceTree = "<group>";
		};
		BFBC526F1C52944C00EE7D34 /* Chat */ = {
			isa = PBXGroup;
			children = (
				BFFBA80E1C65D79B00991642 /* inlineUserSelect */,
				BFFBA80B1C6595BB00991642 /* settings */,
				BF51070F1C60CB50008DC14F /* list */,
				BF51070B1C5F2709008DC14F /* Record */,
				BF51070E1C60CB4B008DC14F /* detail */,
			);
			name = Chat;
			sourceTree = "<group>";
		};
		BFBEA0821C2152E400F04F9A /* Wrapper */ = {
			isa = PBXGroup;
			children = (
				BFBEA0831C2152F200F04F9A /* Wrapper.swift */,
			);
			name = Wrapper;
			sourceTree = "<group>";
		};
		BFC36B9A1C698DC000DC6FE2 /* headers */ = {
			isa = PBXGroup;
			children = (
				BFC36B9B1C698DD200DC6FE2 /* PersonMyHeader.swift */,
				BFC36B9D1C699B7500DC6FE2 /* PersonOtherHeader.swift */,
			);
			name = headers;
			sourceTree = "<group>";
		};
		BFC36BA11C69A8F200DC6FE2 /* Component */ = {
			isa = PBXGroup;
			children = (
				BFC36BA21C69A90400DC6FE2 /* SportscarViewList.swift */,
				BFC36BA41C6AE5F500DC6FE2 /* SportCarInfo.swift */,
			);
			name = Component;
			sourceTree = "<group>";
		};
		BFC712F41C2C432400A71F4C /* Status */ = {
			isa = PBXGroup;
			children = (
				BFC712F91C2C439900A71F4C /* Status.generated.swift */,
				BFC712FA1C2C439900A71F4C /* StatusComment.generated.swift */,
				BFC712ED1C2C431900A71F4C /* StatusComment.swift */,
				BFC712EF1C2C431900A71F4C /* Status.swift */,
			);
			name = Status;
			sourceTree = "<group>";
		};
		BFCA900D1C50A07400B05E74 /* HomeSubViews */ = {
			isa = PBXGroup;
			children = (
				BFCA900E1C50A09100B05E74 /* StatusBasic.swift */,
				BFCA90101C50A0C000B05E74 /* StatusFollow.swift */,
			);
			name = HomeSubViews;
			sourceTree = "<group>";
		};
		BFCA90121C50D6B000B05E74 /* Detail */ = {
			isa = PBXGroup;
			children = (
				BFCA90131C50D6CB00B05E74 /* StatusDetail.swift */,
				BF1D93571C52783000FD9997 /* StatusDetailCommentCell.swift */,
			);
			name = Detail;
			sourceTree = "<group>";
		};
		BFCB963E1C205DE2004F77E8 /* Home */ = {
			isa = PBXGroup;
			children = (
				BFCB963F1C205DF1004F77E8 /* Home.swift */,
				BFCB96431C206169004F77E8 /* SideBar.swift */,
				BF9404961C2818C3001ABB1E /* AppLauchner.swift */,
			);
			name = Home;
			sourceTree = "<group>";
		};
		BFCD5CCC1C44C11D004FC5F1 /* Status */ = {
			isa = PBXGroup;
			children = (
				BFCA90121C50D6B000B05E74 /* Detail */,
				BFCA900D1C50A07400B05E74 /* HomeSubViews */,
				BF1EC23D1C4941350016F425 /* UserSelect */,
				BFAA0CAA1C461E2F00AB5C3C /* Release */,
				BFCD5CCF1C44C159004FC5F1 /* Network */,
				BFCA90091C4FC64300B05E74 /* StatusHome.swift */,
				BFCA900B1C4FC74B00B05E74 /* StatusCell.swift */,
			);
			name = Status;
			sourceTree = "<group>";
		};
		BFCD5CCF1C44C159004FC5F1 /* Network */ = {
			isa = PBXGroup;
			children = (
				BFAA0CA81C46009F00AB5C3C /* StatusRequester.swift */,
			);
			name = Network;
			sourceTree = "<group>";
		};
		BFFA51091C05D9910019E5EF = {
			isa = PBXGroup;
			children = (
				BF32EEAF1C08B22F0098FEC1 /* Podfile */,
				BFFA51141C05D9910019E5EF /* SportCarClient */,
				BFFA512C1C05D9920019E5EF /* SportCarClientTests */,
				BFFA51371C05D9920019E5EF /* SportCarClientUITests */,
				BFFA51131C05D9910019E5EF /* Products */,
				9A8E06F57F11378672ABA2AD /* Pods */,
				90C4926835EEBA7FA63E22DF /* Frameworks */,
			);
			sourceTree = "<group>";
		};
		BFFA51131C05D9910019E5EF /* Products */ = {
			isa = PBXGroup;
			children = (
				BFFA51121C05D9910019E5EF /* SportCarClient.app */,
				BFFA51291C05D9920019E5EF /* SportCarClientTests.xctest */,
				BFFA51341C05D9920019E5EF /* SportCarClientUITests.xctest */,
			);
			name = Products;
			sourceTree = "<group>";
		};
		BFFA51141C05D9910019E5EF /* SportCarClient */ = {
			isa = PBXGroup;
			children = (
				BFBC526C1C5293CF00EE7D34 /* Message */,
				BF139E661C4DE0650022F4FC /* Map */,
				BFCD5CCC1C44C11D004FC5F1 /* Status */,
				BF54DD661C2D879000F635C0 /* News */,
				BF2BE2261C293ED500DD0CF9 /* Location */,
				BF5491DE1C23070A0090D151 /* Person */,
				BFCB963E1C205DE2004F77E8 /* Home */,
				BFAC52281C1C849000107F71 /* BaseTemplate */,
				BF32EEAA1C088CF60098FEC1 /* Account */,
				BFFA51461C05D9E20019E5EF /* Model */,
				BFFA51151C05D9910019E5EF /* AppDelegate.swift */,
				BFFA511F1C05D9920019E5EF /* status.xcassets */,
				BFFA51241C05D9920019E5EF /* Info.plist */,
				BFFA511C1C05D9920019E5EF /* SportCarClient.xcdatamodeld */,
				BF3BD5E91C28E89000499674 /* Settings.bundle */,
				BF63089C1C1970AB0087A4F0 /* Localizable.strings */,
				BF5FF0EC1C15B4860050F5FE /* GlobalVariables.swift */,
			);
			path = SportCarClient;
			sourceTree = "<group>";
		};
		BFFA512C1C05D9920019E5EF /* SportCarClientTests */ = {
			isa = PBXGroup;
			children = (
				BFFA512D1C05D9920019E5EF /* SportCarClientTests.swift */,
				BFFA512F1C05D9920019E5EF /* Info.plist */,
			);
			path = SportCarClientTests;
			sourceTree = "<group>";
		};
		BFFA51371C05D9920019E5EF /* SportCarClientUITests */ = {
			isa = PBXGroup;
			children = (
				BFFA51381C05D9920019E5EF /* SportCarClientUITests.swift */,
				BFFA513A1C05D9920019E5EF /* Info.plist */,
			);
			path = SportCarClientUITests;
			sourceTree = "<group>";
		};
		BFFA51461C05D9E20019E5EF /* Model */ = {
			isa = PBXGroup;
			children = (
				BF26FD421C6878CE0077D1F0 /* Activity */,
				BF2F7E931C644A3B00E3A3A2 /* Notification */,
				BFBC526B1C5293C700EE7D34 /* Chat */,
				BF54DD711C2EB97E00F635C0 /* News */,
				BFC712F41C2C432400A71F4C /* Status */,
				BF2BE21F1C29395B00DD0CF9 /* Club */,
				BF2BE2211C29396900DD0CF9 /* ClubJoining */,
				BF2BE2201C29396100DD0CF9 /* Profile */,
				BF5491DD1C22FE900090D151 /* SportCarOwnership */,
				BF5491DC1C22FE870090D151 /* SportCar */,
				BF5491DB1C22FE7F0090D151 /* User */,
			);
			name = Model;
			sourceTree = "<group>";
		};
		BFFBA80B1C6595BB00991642 /* settings */ = {
			isa = PBXGroup;
			children = (
				BFFBA8111C65E59800991642 /* Cells */,
				BFFBA80C1C6595CF00991642 /* privateSettings.swift */,
				BF26FD3C1C686E5A0077D1F0 /* GroupSettings.swift */,
			);
			name = settings;
			sourceTree = "<group>";
		};
		BFFBA80E1C65D79B00991642 /* inlineUserSelect */ = {
			isa = PBXGroup;
			children = (
				BFFBA80F1C65D7B100991642 /* InlineUserSelect.swift */,
			);
			name = inlineUserSelect;
			sourceTree = "<group>";
		};
		BFFBA8111C65E59800991642 /* Cells */ = {
			isa = PBXGroup;
			children = (
				BFFBA8121C65E5B900991642 /* PrivateSettingsCell.swift */,
			);
			name = Cells;
			sourceTree = "<group>";
		};
/* End PBXGroup section */

/* Begin PBXNativeTarget section */
		BFFA51111C05D9910019E5EF /* SportCarClient */ = {
			isa = PBXNativeTarget;
			buildConfigurationList = BFFA513D1C05D9920019E5EF /* Build configuration list for PBXNativeTarget "SportCarClient" */;
			buildPhases = (
				7F0BD1314A8ACACFBE3EC824 /* Check Pods Manifest.lock */,
				BFFA510E1C05D9910019E5EF /* Sources */,
				BFFA510F1C05D9910019E5EF /* Frameworks */,
				BFFA51101C05D9910019E5EF /* Resources */,
				453C30D4493642E3651BF7A5 /* Embed Pods Frameworks */,
				3B77CAC4B60C1830F17EA2A2 /* Copy Pods Resources */,
			);
			buildRules = (
			);
			dependencies = (
			);
			name = SportCarClient;
			productName = SportCarClient;
			productReference = BFFA51121C05D9910019E5EF /* SportCarClient.app */;
			productType = "com.apple.product-type.application";
		};
		BFFA51281C05D9920019E5EF /* SportCarClientTests */ = {
			isa = PBXNativeTarget;
			buildConfigurationList = BFFA51401C05D9920019E5EF /* Build configuration list for PBXNativeTarget "SportCarClientTests" */;
			buildPhases = (
				BFFA51251C05D9920019E5EF /* Sources */,
				BFFA51261C05D9920019E5EF /* Frameworks */,
				BFFA51271C05D9920019E5EF /* Resources */,
			);
			buildRules = (
			);
			dependencies = (
				BFFA512B1C05D9920019E5EF /* PBXTargetDependency */,
			);
			name = SportCarClientTests;
			productName = SportCarClientTests;
			productReference = BFFA51291C05D9920019E5EF /* SportCarClientTests.xctest */;
			productType = "com.apple.product-type.bundle.unit-test";
		};
		BFFA51331C05D9920019E5EF /* SportCarClientUITests */ = {
			isa = PBXNativeTarget;
			buildConfigurationList = BFFA51431C05D9920019E5EF /* Build configuration list for PBXNativeTarget "SportCarClientUITests" */;
			buildPhases = (
				BFFA51301C05D9920019E5EF /* Sources */,
				BFFA51311C05D9920019E5EF /* Frameworks */,
				BFFA51321C05D9920019E5EF /* Resources */,
			);
			buildRules = (
			);
			dependencies = (
				BFFA51361C05D9920019E5EF /* PBXTargetDependency */,
			);
			name = SportCarClientUITests;
			productName = SportCarClientUITests;
			productReference = BFFA51341C05D9920019E5EF /* SportCarClientUITests.xctest */;
			productType = "com.apple.product-type.bundle.ui-testing";
		};
/* End PBXNativeTarget section */

/* Begin PBXProject section */
		BFFA510A1C05D9910019E5EF /* Project object */ = {
			isa = PBXProject;
			attributes = {
				LastSwiftUpdateCheck = 0710;
				LastUpgradeCheck = 0710;
				ORGANIZATIONNAME = WoodyHuang;
				TargetAttributes = {
					BFFA51111C05D9910019E5EF = {
						CreatedOnToolsVersion = 7.1;
						SystemCapabilities = {
							com.apple.BackgroundModes = {
								enabled = 1;
							};
						};
					};
					BFFA51281C05D9920019E5EF = {
						CreatedOnToolsVersion = 7.1;
						TestTargetID = BFFA51111C05D9910019E5EF;
					};
					BFFA51331C05D9920019E5EF = {
						CreatedOnToolsVersion = 7.1;
						TestTargetID = BFFA51111C05D9910019E5EF;
					};
				};
			};
			buildConfigurationList = BFFA510D1C05D9910019E5EF /* Build configuration list for PBXProject "SportCarClient" */;
			compatibilityVersion = "Xcode 3.2";
			developmentRegion = English;
			hasScannedForEncodings = 0;
			knownRegions = (
				en,
				Base,
			);
			mainGroup = BFFA51091C05D9910019E5EF;
			productRefGroup = BFFA51131C05D9910019E5EF /* Products */;
			projectDirPath = "";
			projectRoot = "";
			targets = (
				BFFA51111C05D9910019E5EF /* SportCarClient */,
				BFFA51281C05D9920019E5EF /* SportCarClientTests */,
				BFFA51331C05D9920019E5EF /* SportCarClientUITests */,
			);
		};
/* End PBXProject section */

/* Begin PBXResourcesBuildPhase section */
		BFFA51101C05D9910019E5EF /* Resources */ = {
			isa = PBXResourcesBuildPhase;
			buildActionMask = 2147483647;
			files = (
				BF32EEB01C08B22F0098FEC1 /* Podfile in Resources */,
				BFB39CCB1C1EA20200FB6B5D /* sportcar.plist in Resources */,
				BF63089D1C1970AB0087A4F0 /* Localizable.strings in Resources */,
				BF63089F1C1972050087A4F0 /* agreement.rtf in Resources */,
				BF3BD5EA1C28E89000499674 /* Settings.bundle in Resources */,
				BFFA51201C05D9920019E5EF /* status.xcassets in Resources */,
			);
			runOnlyForDeploymentPostprocessing = 0;
		};
		BFFA51271C05D9920019E5EF /* Resources */ = {
			isa = PBXResourcesBuildPhase;
			buildActionMask = 2147483647;
			files = (
			);
			runOnlyForDeploymentPostprocessing = 0;
		};
		BFFA51321C05D9920019E5EF /* Resources */ = {
			isa = PBXResourcesBuildPhase;
			buildActionMask = 2147483647;
			files = (
			);
			runOnlyForDeploymentPostprocessing = 0;
		};
/* End PBXResourcesBuildPhase section */

/* Begin PBXShellScriptBuildPhase section */
		3B77CAC4B60C1830F17EA2A2 /* Copy Pods Resources */ = {
			isa = PBXShellScriptBuildPhase;
			buildActionMask = 2147483647;
			files = (
			);
			inputPaths = (
			);
			name = "Copy Pods Resources";
			outputPaths = (
			);
			runOnlyForDeploymentPostprocessing = 0;
			shellPath = /bin/sh;
			shellScript = "\"${SRCROOT}/Pods/Target Support Files/Pods-SportCarClient/Pods-SportCarClient-resources.sh\"\n";
			showEnvVarsInLog = 0;
		};
		453C30D4493642E3651BF7A5 /* Embed Pods Frameworks */ = {
			isa = PBXShellScriptBuildPhase;
			buildActionMask = 2147483647;
			files = (
			);
			inputPaths = (
			);
			name = "Embed Pods Frameworks";
			outputPaths = (
			);
			runOnlyForDeploymentPostprocessing = 0;
			shellPath = /bin/sh;
			shellScript = "\"${SRCROOT}/Pods/Target Support Files/Pods-SportCarClient/Pods-SportCarClient-frameworks.sh\"\n";
			showEnvVarsInLog = 0;
		};
		7F0BD1314A8ACACFBE3EC824 /* Check Pods Manifest.lock */ = {
			isa = PBXShellScriptBuildPhase;
			buildActionMask = 2147483647;
			files = (
			);
			inputPaths = (
			);
			name = "Check Pods Manifest.lock";
			outputPaths = (
			);
			runOnlyForDeploymentPostprocessing = 0;
			shellPath = /bin/sh;
			shellScript = "diff \"${PODS_ROOT}/../Podfile.lock\" \"${PODS_ROOT}/Manifest.lock\" > /dev/null\nif [[ $? != 0 ]] ; then\n    cat << EOM\nerror: The sandbox is not in sync with the Podfile.lock. Run 'pod install' or update your CocoaPods installation.\nEOM\n    exit 1\nfi\n";
			showEnvVarsInLog = 0;
		};
/* End PBXShellScriptBuildPhase section */

/* Begin PBXSourcesBuildPhase section */
		BFFA510E1C05D9910019E5EF /* Sources */ = {
			isa = PBXSourcesBuildPhase;
			buildActionMask = 2147483647;
			files = (
				BF5107111C60CB65008DC14F /* ChatList.swift in Sources */,
				BFCA90111C50A0C000B05E74 /* StatusFollow.swift in Sources */,
				BF1D93581C52783000FD9997 /* StatusDetailCommentCell.swift in Sources */,
				BF2BE2181C2938B000DD0CF9 /* ClubJoining.swift in Sources */,
				BFC36BA01C69A6A900DC6FE2 /* PersonDataSource.swift in Sources */,
				BFBC52791C53902500EE7D34 /* ChatOpPanel.swift in Sources */,
				BF26FD411C6878C40077D1F0 /* Activity.swift in Sources */,
				BF2336941C57353C00F0AE41 /* ChatWave.swift in Sources */,
				BF9404971C2818C3001ABB1E /* AppLauchner.swift in Sources */,
				BF268FC81C32C76A005D1B68 /* NewsDetail.swift in Sources */,
				BFA2C7691C40F97D00202EF0 /* frameworkextensions.swift in Sources */,
				BF26FD441C6879820077D1F0 /* Activity.generated.swift in Sources */,
				BF54DD6E1C2EB95F00F635C0 /* News.swift in Sources */,
				BFCB96461C2061E0004F77E8 /* LoadingButton.swift in Sources */,
				BFEFB5E31C5E4C8600841BF4 /* chatAccessoryBoard.swift in Sources */,
				BF5491D91C22FD660090D151 /* SportCar.generated.swift in Sources */,
				BFAC52271C1C5F9500107F71 /* AuthCodeBtnView.swift in Sources */,
				BFC36BA51C6AE5F500DC6FE2 /* SportCarInfo.swift in Sources */,
				BF54DD7A1C303D5100F635C0 /* NewsRequester.swift in Sources */,
				BFFBA80D1C6595CF00991642 /* privateSettings.swift in Sources */,
				BF2336901C5669A000F0AE41 /* ChatRecordDataSource.swift in Sources */,
				BF2BE21C1C29390200DD0CF9 /* Club.generated.swift in Sources */,
				BFB39CCD1C1EA45500FB6B5D /* SportCarBrandSelecter.swift in Sources */,
				BF51070D1C609B45008DC14F /* ChatAudioRecorder.swift in Sources */,
				BF23368B1C563F4200F0AE41 /* ChatAudioPlayer.swift in Sources */,
				BF5491D21C22FD1A0090D151 /* SportCarOwnerShip.swift in Sources */,
				BF26FD3D1C686E5A0077D1F0 /* GroupSettings.swift in Sources */,
				BF3387E61C47C2AF00B95CAB /* StatusReleaseController.swift in Sources */,
				BF67816C1C15AA77001C89AE /* AccountController.swift in Sources */,
				BF6308AC1C19B7D20087A4F0 /* AccountRequester.swift in Sources */,
				BFCA900A1C4FC64300B05E74 /* StatusHome.swift in Sources */,
				BF2BE21D1C29390200DD0CF9 /* ClubJoining.generated.swift in Sources */,
				BF54DD751C2EB9A800F635C0 /* NewsComment.generated.swift in Sources */,
				BFCB96361C1F0551004F77E8 /* BlackBarNavigationController.swift in Sources */,
				BFAA0CA91C46009F00AB5C3C /* StatusRequester.swift in Sources */,
				BF6308A31C19A8040087A4F0 /* ResetPassword.swift in Sources */,
				BF139E6E1C4E6E8E0022F4FC /* FFSelect.swift in Sources */,
				BF2336921C5732D800F0AE41 /* ChatCell.swift in Sources */,
				BFFBA8101C65D7B100991642 /* InlineUserSelect.swift in Sources */,
				BF5491D41C22FD1A0090D151 /* User.swift in Sources */,
				BFAC522A1C1C84A700107F71 /* InputableViewController.swift in Sources */,
				BF5491DA1C22FD660090D151 /* User.generated.swift in Sources */,
				BF1D93561C52776F00FD9997 /* DetailCommentCell.swift in Sources */,
				BF6308A51C19AF600087A4F0 /* ProfileInformation.swift in Sources */,
				BFBEA0841C2152F200F04F9A /* Wrapper.swift in Sources */,
				BF54DD771C2EBDE800F635C0 /* NewsCell.swift in Sources */,
				BFC712F11C2C431900A71F4C /* StatusComment.swift in Sources */,
				BFBC52711C52946300EE7D34 /* ChatController.swift in Sources */,
				BF2BE21E1C29390200DD0CF9 /* Profile.generated.swift in Sources */,
				BFA1FEFD1C36DD8500F127FA /* NewsDetailCommentCell.swift in Sources */,
				BFC712F31C2C431900A71F4C /* Status.swift in Sources */,
				BF54DD741C2EB9A800F635C0 /* News.generated.swift in Sources */,
				BFC36B9C1C698DD200DC6FE2 /* PersonMyHeader.swift in Sources */,
				BF58990E1C4D14A3005496EA /* SportCarSelectList.swift in Sources */,
				BF5491D81C22FD660090D151 /* SportCarOwnerShip.generated.swift in Sources */,
				BFCB96441C206169004F77E8 /* SideBar.swift in Sources */,
				BF8D0DC31C424E710070B921 /* ViewControllerExtensions.swift in Sources */,
				BFBC526E1C52944200EE7D34 /* MessageController.swift in Sources */,
				BF2F7E8E1C62F39A00E3A3A2 /* NotificationCtrl.swift in Sources */,
				BF23368E1C56529B00F0AE41 /* ChatRequester.swift in Sources */,
				BFC36B9E1C699B7500DC6FE2 /* PersonOtherHeader.swift in Sources */,
				BFAA0CAE1C4667A500AB5C3C /* StatusReleasePhotoAlbumListController.swift in Sources */,
				BF2F7E921C644A3400E3A3A2 /* Notification.swift in Sources */,
				BFBC527D1C53CE8D00EE7D34 /* ChatAudioAnalyser.swift in Sources */,
				BF5107131C60CBA6008DC14F /* ChatListCell.swift in Sources */,
				BFCB96381C1F0DA8004F77E8 /* SportCarBrandSelecterDetail.swift in Sources */,
				BFAA0CAC1C46221B00AB5C3C /* StatusReleaseCoverSelectController.swift in Sources */,
				BF1EC23F1C49414F0016F425 /* UserSelect.swift in Sources */,
				BFCA900F1C50A09100B05E74 /* StatusBasic.swift in Sources */,
				BF54DD681C2EB4FE00F635C0 /* NewsController.swift in Sources */,
				BF54DD701C2EB95F00F635C0 /* NewsComment.swift in Sources */,
				BFC712FC1C2C439900A71F4C /* StatusComment.generated.swift in Sources */,
				BF2F7E951C644A8A00E3A3A2 /* Notification.generated.swift in Sources */,
				BFCB963A1C1FB0AE004F77E8 /* SportCarRequester.swift in Sources */,
				BFBC52751C53877100EE7D34 /* ChatRecord.swift in Sources */,
				BFC36BA31C69A90400DC6FE2 /* SportscarViewList.swift in Sources */,
				BFFA51161C05D9910019E5EF /* AppDelegate.swift in Sources */,
				BF2F7E971C644C7600E3A3A2 /* NotificationCell.swift in Sources */,
				BF5491D01C22FD1A0090D151 /* SportCar.swift in Sources */,
				BF49FBAD1C19424D0019EBC2 /* ShinyButton.swift in Sources */,
				BF5107151C60D28A008DC14F /* MyOrderedDict.swift in Sources */,
				BFC36B991C698D5900DC6FE2 /* PersonController.swift in Sources */,
				BF6781701C15AB10001C89AE /* LoginRegister.swift in Sources */,
				BFA2C76B1C412B1500202EF0 /* CommentPanel.swift in Sources */,
				BF2BE2141C2938B000DD0CF9 /* Profile.swift in Sources */,
				BFFBA8131C65E5B900991642 /* PrivateSettingsCell.swift in Sources */,
				BF27E6CD1C38457F0074771D /* MakeCommentPanel.swift in Sources */,
				BFBC52771C5388BE00EE7D34 /* ChatRecord.generated.swift in Sources */,
				BF5FF0ED1C15B4860050F5FE /* GlobalVariables.swift in Sources */,
				BF58990C1C4CFF26005496EA /* informUser.swift in Sources */,
				BFFA511E1C05D9920019E5EF /* SportCarClient.xcdatamodeld in Sources */,
				BFCB96401C205DF1004F77E8 /* Home.swift in Sources */,
				BFCA90141C50D6CB00B05E74 /* StatusDetail.swift in Sources */,
				BF6308981C1965AF0087A4F0 /* Agreement.swift in Sources */,
				BFCA900C1C4FC74B00B05E74 /* StatusCell.swift in Sources */,
				BF2BE2161C2938B000DD0CF9 /* Club.swift in Sources */,
				BFCB963C1C1FFD2D004F77E8 /* SportCarSelectDetail.swift in Sources */,
				BF2959921C1DC9870071385D /* SportCarSelect.swift in Sources */,
				BFC712EB1C2C3B4F00A71F4C /* UserUtilities.swift in Sources */,
				BF139E681C4DE0750022F4FC /* MapManager.swift in Sources */,
				BFC712FB1C2C439900A71F4C /* Status.generated.swift in Sources */,
			);
			runOnlyForDeploymentPostprocessing = 0;
		};
		BFFA51251C05D9920019E5EF /* Sources */ = {
			isa = PBXSourcesBuildPhase;
			buildActionMask = 2147483647;
			files = (
				BFFA512E1C05D9920019E5EF /* SportCarClientTests.swift in Sources */,
			);
			runOnlyForDeploymentPostprocessing = 0;
		};
		BFFA51301C05D9920019E5EF /* Sources */ = {
			isa = PBXSourcesBuildPhase;
			buildActionMask = 2147483647;
			files = (
				BFFA51391C05D9920019E5EF /* SportCarClientUITests.swift in Sources */,
			);
			runOnlyForDeploymentPostprocessing = 0;
		};
/* End PBXSourcesBuildPhase section */

/* Begin PBXTargetDependency section */
		BFFA512B1C05D9920019E5EF /* PBXTargetDependency */ = {
			isa = PBXTargetDependency;
			target = BFFA51111C05D9910019E5EF /* SportCarClient */;
			targetProxy = BFFA512A1C05D9920019E5EF /* PBXContainerItemProxy */;
		};
		BFFA51361C05D9920019E5EF /* PBXTargetDependency */ = {
			isa = PBXTargetDependency;
			target = BFFA51111C05D9910019E5EF /* SportCarClient */;
			targetProxy = BFFA51351C05D9920019E5EF /* PBXContainerItemProxy */;
		};
/* End PBXTargetDependency section */

/* Begin XCBuildConfiguration section */
		BFFA513B1C05D9920019E5EF /* Debug */ = {
			isa = XCBuildConfiguration;
			buildSettings = {
				ALWAYS_SEARCH_USER_PATHS = NO;
				CLANG_CXX_LANGUAGE_STANDARD = "gnu++0x";
				CLANG_CXX_LIBRARY = "libc++";
				CLANG_ENABLE_MODULES = YES;
				CLANG_ENABLE_OBJC_ARC = YES;
				CLANG_WARN_BOOL_CONVERSION = YES;
				CLANG_WARN_CONSTANT_CONVERSION = YES;
				CLANG_WARN_DIRECT_OBJC_ISA_USAGE = YES_ERROR;
				CLANG_WARN_EMPTY_BODY = YES;
				CLANG_WARN_ENUM_CONVERSION = YES;
				CLANG_WARN_INT_CONVERSION = YES;
				CLANG_WARN_OBJC_ROOT_CLASS = YES_ERROR;
				CLANG_WARN_UNREACHABLE_CODE = YES;
				CLANG_WARN__DUPLICATE_METHOD_MATCH = YES;
				"CODE_SIGN_IDENTITY[sdk=iphoneos*]" = "iPhone Developer";
				COPY_PHASE_STRIP = NO;
				DEBUG_INFORMATION_FORMAT = dwarf;
				ENABLE_STRICT_OBJC_MSGSEND = YES;
				ENABLE_TESTABILITY = YES;
				GCC_C_LANGUAGE_STANDARD = gnu99;
				GCC_DYNAMIC_NO_PIC = NO;
				GCC_NO_COMMON_BLOCKS = YES;
				GCC_OPTIMIZATION_LEVEL = 0;
				GCC_PREPROCESSOR_DEFINITIONS = (
					"DEBUG=1",
					"$(inherited)",
				);
				GCC_WARN_64_TO_32_BIT_CONVERSION = YES;
				GCC_WARN_ABOUT_RETURN_TYPE = YES_ERROR;
				GCC_WARN_UNDECLARED_SELECTOR = YES;
				GCC_WARN_UNINITIALIZED_AUTOS = YES_AGGRESSIVE;
				GCC_WARN_UNUSED_FUNCTION = YES;
				GCC_WARN_UNUSED_VARIABLE = YES;
				IPHONEOS_DEPLOYMENT_TARGET = 9.1;
				MTL_ENABLE_DEBUG_INFO = YES;
				ONLY_ACTIVE_ARCH = YES;
				SDKROOT = iphoneos;
				SWIFT_OPTIMIZATION_LEVEL = "-Onone";
			};
			name = Debug;
		};
		BFFA513C1C05D9920019E5EF /* Release */ = {
			isa = XCBuildConfiguration;
			buildSettings = {
				ALWAYS_SEARCH_USER_PATHS = NO;
				CLANG_CXX_LANGUAGE_STANDARD = "gnu++0x";
				CLANG_CXX_LIBRARY = "libc++";
				CLANG_ENABLE_MODULES = YES;
				CLANG_ENABLE_OBJC_ARC = YES;
				CLANG_WARN_BOOL_CONVERSION = YES;
				CLANG_WARN_CONSTANT_CONVERSION = YES;
				CLANG_WARN_DIRECT_OBJC_ISA_USAGE = YES_ERROR;
				CLANG_WARN_EMPTY_BODY = YES;
				CLANG_WARN_ENUM_CONVERSION = YES;
				CLANG_WARN_INT_CONVERSION = YES;
				CLANG_WARN_OBJC_ROOT_CLASS = YES_ERROR;
				CLANG_WARN_UNREACHABLE_CODE = YES;
				CLANG_WARN__DUPLICATE_METHOD_MATCH = YES;
				"CODE_SIGN_IDENTITY[sdk=iphoneos*]" = "iPhone Developer";
				COPY_PHASE_STRIP = NO;
				DEBUG_INFORMATION_FORMAT = "dwarf-with-dsym";
				ENABLE_NS_ASSERTIONS = NO;
				ENABLE_STRICT_OBJC_MSGSEND = YES;
				GCC_C_LANGUAGE_STANDARD = gnu99;
				GCC_NO_COMMON_BLOCKS = YES;
				GCC_WARN_64_TO_32_BIT_CONVERSION = YES;
				GCC_WARN_ABOUT_RETURN_TYPE = YES_ERROR;
				GCC_WARN_UNDECLARED_SELECTOR = YES;
				GCC_WARN_UNINITIALIZED_AUTOS = YES_AGGRESSIVE;
				GCC_WARN_UNUSED_FUNCTION = YES;
				GCC_WARN_UNUSED_VARIABLE = YES;
				IPHONEOS_DEPLOYMENT_TARGET = 9.1;
				MTL_ENABLE_DEBUG_INFO = NO;
				SDKROOT = iphoneos;
				VALIDATE_PRODUCT = YES;
			};
			name = Release;
		};
		BFFA513E1C05D9920019E5EF /* Debug */ = {
			isa = XCBuildConfiguration;
			baseConfigurationReference = 3B8D1CED12B1FC1DE651D9DA /* Pods.debug.xcconfig */;
			buildSettings = {
				ASSETCATALOG_COMPILER_APPICON_NAME = AppIcon;
				ASSETCATALOG_COMPILER_LAUNCHIMAGE_NAME = LaunchImage;
				INFOPLIST_FILE = SportCarClient/Info.plist;
				LD_RUNPATH_SEARCH_PATHS = "$(inherited) @executable_path/Frameworks";
				PRODUCT_BUNDLE_IDENTIFIER = com.woodyhuang.SportCarClient;
				PRODUCT_NAME = "$(TARGET_NAME)";
				SWIFT_OBJC_BRIDGING_HEADER = "";
			};
			name = Debug;
		};
		BFFA513F1C05D9920019E5EF /* Release */ = {
			isa = XCBuildConfiguration;
			baseConfigurationReference = DFE647654049B5FDB81F8A93 /* Pods.release.xcconfig */;
			buildSettings = {
				ASSETCATALOG_COMPILER_APPICON_NAME = AppIcon;
				ASSETCATALOG_COMPILER_LAUNCHIMAGE_NAME = LaunchImage;
				INFOPLIST_FILE = SportCarClient/Info.plist;
				LD_RUNPATH_SEARCH_PATHS = "$(inherited) @executable_path/Frameworks";
				PRODUCT_BUNDLE_IDENTIFIER = com.woodyhuang.SportCarClient;
				PRODUCT_NAME = "$(TARGET_NAME)";
				SWIFT_OBJC_BRIDGING_HEADER = "";
			};
			name = Release;
		};
		BFFA51411C05D9920019E5EF /* Debug */ = {
			isa = XCBuildConfiguration;
			buildSettings = {
				BUNDLE_LOADER = "$(TEST_HOST)";
				INFOPLIST_FILE = SportCarClientTests/Info.plist;
				LD_RUNPATH_SEARCH_PATHS = "$(inherited) @executable_path/Frameworks @loader_path/Frameworks";
				PRODUCT_BUNDLE_IDENTIFIER = com.woodyhuang.SportCarClientTests;
				PRODUCT_NAME = "$(TARGET_NAME)";
				TEST_HOST = "$(BUILT_PRODUCTS_DIR)/SportCarClient.app/SportCarClient";
			};
			name = Debug;
		};
		BFFA51421C05D9920019E5EF /* Release */ = {
			isa = XCBuildConfiguration;
			buildSettings = {
				BUNDLE_LOADER = "$(TEST_HOST)";
				INFOPLIST_FILE = SportCarClientTests/Info.plist;
				LD_RUNPATH_SEARCH_PATHS = "$(inherited) @executable_path/Frameworks @loader_path/Frameworks";
				PRODUCT_BUNDLE_IDENTIFIER = com.woodyhuang.SportCarClientTests;
				PRODUCT_NAME = "$(TARGET_NAME)";
				TEST_HOST = "$(BUILT_PRODUCTS_DIR)/SportCarClient.app/SportCarClient";
			};
			name = Release;
		};
		BFFA51441C05D9920019E5EF /* Debug */ = {
			isa = XCBuildConfiguration;
			buildSettings = {
				INFOPLIST_FILE = SportCarClientUITests/Info.plist;
				LD_RUNPATH_SEARCH_PATHS = "$(inherited) @executable_path/Frameworks @loader_path/Frameworks";
				PRODUCT_BUNDLE_IDENTIFIER = com.woodyhuang.SportCarClientUITests;
				PRODUCT_NAME = "$(TARGET_NAME)";
				TEST_TARGET_NAME = SportCarClient;
				USES_XCTRUNNER = YES;
			};
			name = Debug;
		};
		BFFA51451C05D9920019E5EF /* Release */ = {
			isa = XCBuildConfiguration;
			buildSettings = {
				INFOPLIST_FILE = SportCarClientUITests/Info.plist;
				LD_RUNPATH_SEARCH_PATHS = "$(inherited) @executable_path/Frameworks @loader_path/Frameworks";
				PRODUCT_BUNDLE_IDENTIFIER = com.woodyhuang.SportCarClientUITests;
				PRODUCT_NAME = "$(TARGET_NAME)";
				TEST_TARGET_NAME = SportCarClient;
				USES_XCTRUNNER = YES;
			};
			name = Release;
		};
/* End XCBuildConfiguration section */

/* Begin XCConfigurationList section */
		BFFA510D1C05D9910019E5EF /* Build configuration list for PBXProject "SportCarClient" */ = {
			isa = XCConfigurationList;
			buildConfigurations = (
				BFFA513B1C05D9920019E5EF /* Debug */,
				BFFA513C1C05D9920019E5EF /* Release */,
			);
			defaultConfigurationIsVisible = 0;
			defaultConfigurationName = Release;
		};
		BFFA513D1C05D9920019E5EF /* Build configuration list for PBXNativeTarget "SportCarClient" */ = {
			isa = XCConfigurationList;
			buildConfigurations = (
				BFFA513E1C05D9920019E5EF /* Debug */,
				BFFA513F1C05D9920019E5EF /* Release */,
			);
			defaultConfigurationIsVisible = 0;
			defaultConfigurationName = Release;
		};
		BFFA51401C05D9920019E5EF /* Build configuration list for PBXNativeTarget "SportCarClientTests" */ = {
			isa = XCConfigurationList;
			buildConfigurations = (
				BFFA51411C05D9920019E5EF /* Debug */,
				BFFA51421C05D9920019E5EF /* Release */,
			);
			defaultConfigurationIsVisible = 0;
			defaultConfigurationName = Release;
		};
		BFFA51431C05D9920019E5EF /* Build configuration list for PBXNativeTarget "SportCarClientUITests" */ = {
			isa = XCConfigurationList;
			buildConfigurations = (
				BFFA51441C05D9920019E5EF /* Debug */,
				BFFA51451C05D9920019E5EF /* Release */,
			);
			defaultConfigurationIsVisible = 0;
			defaultConfigurationName = Release;
		};
/* End XCConfigurationList section */

/* Begin XCVersionGroup section */
		BFFA511C1C05D9920019E5EF /* SportCarClient.xcdatamodeld */ = {
			isa = XCVersionGroup;
			children = (
				BFFA511D1C05D9920019E5EF /* SportCarClient.xcdatamodel */,
			);
			currentVersion = BFFA511D1C05D9920019E5EF /* SportCarClient.xcdatamodel */;
			path = SportCarClient.xcdatamodeld;
			sourceTree = "<group>";
			versionGroupType = wrapper.xcdatamodel;
		};
/* End XCVersionGroup section */
	};
	rootObject = BFFA510A1C05D9910019E5EF /* Project object */;
}
